{
  "version": 4,
  "terraform_version": "1.13.2",
  "serial": 145,
  "lineage": "9fa9acb3-5700-dd66-e245-f3e11088cf55",
  "outputs": {
    "cluster_certificate_authority_data": {
      "value": "LS0tLS1CRUdJTiBDRVJUSUZJQ0FURS0tLS0tCk1JSURCVENDQWUyZ0F3SUJBZ0lJQ2pzTkVqV0RuaWd3RFFZSktvWklodmNOQVFFTEJRQXdGVEVUTUJFR0ExVUUKQXhNS2EzVmlaWEp1WlhSbGN6QWVGdzB5TlRFeE1EY3hNRE0xTWpkYUZ3MHpOVEV4TURVeE1EUXdNamRhTUJVeApFekFSQmdOVkJBTVRDbXQxWW1WeWJtVjBaWE13Z2dFaU1BMEdDU3FHU0liM0RRRUJBUVVBQTRJQkR3QXdnZ0VLCkFvSUJBUUM1eUdkcXpRZEQxMXdmTEZqbXhqV2tEZThZZUt2d25YazYzc1RvMjU2YUd6R05ySi9sL05HeGdUcTUKM2tkcUhrQXR6cVI4RHZZNlcxaTdUY2JacVhMV2N3MW1RbUhaRkNBcWxLMHcyakN4V25oUkxNV2h1NDIzRGwySAo0eWU3UnF3aGpoRDUwMGpySXlZUWJwN2JGamhVajZCOHpwcVhxT29yNUdQZXFWVEdrcStIVW1nV0poZzByRjBVCituSWRPSjIrWC9tS3VGQ2NUMGJPTkxKb0tPekxIL3prQ0dpTW4yRWF3Q0VHb1dPamNWVjRrUStFbTd1dTQwU3UKNUpjd2pKc3g3ZUdXWXJTWmZyK2YybGVyR2gwZkd5eUQ1N0xMQ3RKL0ZyWEhIaStERkhHNUNmYVFoUmVaT1g0NgpETjAyY0NlV0h3S29iWFZ5aUo0OHNBQ3pNeUJkQWdNQkFBR2pXVEJYTUE0R0ExVWREd0VCL3dRRUF3SUNwREFQCkJnTlZIUk1CQWY4RUJUQURBUUgvTUIwR0ExVWREZ1FXQkJUYjdvK0RCNEJ2VElvKy8vUG02b0xlb2NpczZUQVYKQmdOVkhSRUVEakFNZ2dwcmRXSmxjbTVsZEdWek1BMEdDU3FHU0liM0RRRUJDd1VBQTRJQkFRQ0RkSGExMk1LaQo3aXd3ZUJXMmdVUi95dzFBYW9PTVlOQnNPRGZlSjNOVHFTcXp4QkpPcWFwb0NVVGxxWjM1MEVNdzJZb3dWVUZ2CkhObG1aU21XaVdlbTY3Y0xQd0VkclZHaE5zdGFJNWxUUHJwSi81VnhBTUoxQVlaWDVDV2lUQjI2aW9PM014TlYKdG5XVVJsZEdRMit5Z1VLQUp4MnNqalpLZndRcnpuZWVOd1VSUjgremJrUnlLcTVaaTRLVzNjRmR3VTdmRHlpWgoybDVJdEFHeC9rcjZ1azlDNWUvSis1Uzg1cGRnTEdqS3dselRjcFMvNUdVNjFKZzMrMGlleUcySENGSFVBUEFSClduSTNNVEFLRHM4elRST1pHOXR3dWV1amhUeUhSR2laR0ZBMVpjcEJHcHQxcXlqemUreUgzTUt4dmZYYzVpaEUKTlZaWmRCa29QYWhICi0tLS0tRU5EIENFUlRJRklDQVRFLS0tLS0K",
      "type": "string",
      "sensitive": true
    },
    "cluster_endpoint": {
      "value": "https://A1D63D97227F9A81331D8379F0437C44.gr7.us-east-1.eks.amazonaws.com",
      "type": "string"
    },
    "cluster_id": {
      "value": "gitops-eks-cluster",
      "type": "string"
    },
    "cluster_name": {
      "value": "gitops-eks-cluster",
      "type": "string"
    },
    "configure_kubectl": {
      "value": "aws eks update-kubeconfig --region us-east-1 --name gitops-eks-cluster",
      "type": "string"
    },
    "ebs_csi_driver_installed": {
      "value": "v1.25.0-eksbuild.1",
      "type": "string"
    },
    "ebs_csi_driver_role_arn": {
      "value": "arn:aws:iam::287043460305:role/aws-gitops-pipeline-dev-ebs-csi-driver-role",
      "type": "string"
    },
    "ecr_repository_arn": {
      "value": "arn:aws:ecr:us-east-1:287043460305:repository/nodejs-app",
      "type": "string"
    },
    "ecr_repository_url": {
      "value": "287043460305.dkr.ecr.us-east-1.amazonaws.com/nodejs-app",
      "type": "string"
    },
    "jenkins_access_command": {
      "value": "kubectl --namespace jenkins port-forward svc/jenkins 8080:8080",
      "type": "string"
    },
    "jenkins_admin_password_command": {
      "value": "kubectl exec --namespace jenkins -it svc/jenkins -c jenkins -- /bin/cat /run/secrets/additional/chart-admin-password",
      "type": "string"
    },
    "jenkins_namespace": {
      "value": "jenkins",
      "type": "string"
    },
    "jenkins_role_arn": {
      "value": "arn:aws:iam::287043460305:role/aws-gitops-pipeline-dev-jenkins-role",
      "type": "string"
    },
    "oidc_provider_arn": {
      "value": "arn:aws:iam::287043460305:oidc-provider/oidc.eks.us-east-1.amazonaws.com/id/A1D63D97227F9A81331D8379F0437C44",
      "type": "string"
    },
    "private_subnet_ids": {
      "value": [
        "subnet-06fb0d85c39df0ea0",
        "subnet-01aebe1e468fff599",
        "subnet-07b4b2443cccb6e52"
      ],
      "type": [
        "tuple",
        [
          "string",
          "string",
          "string"
        ]
      ]
    },
    "public_subnet_ids": {
      "value": [
        "subnet-07a99edc9ebafa820",
        "subnet-02f5d2225075c3445",
        "subnet-0526171eac80ecb1c"
      ],
      "type": [
        "tuple",
        [
          "string",
          "string",
          "string"
        ]
      ]
    },
    "rds_database_name": {
      "value": "appdb",
      "type": "string"
    },
    "rds_endpoint": {
      "value": "aws-gitops-pipeline-dev-mysql.cyhqco046hhu.us-east-1.rds.amazonaws.com:3306",
      "type": "string"
    },
    "rds_port": {
      "value": 3306,
      "type": "number"
    },
    "rds_secret_arn": {
      "value": "arn:aws:secretsmanager:us-east-1:287043460305:secret:aws-gitops-pipeline-dev-rds-credentials-m3LNG8",
      "type": "string"
    },
    "redis_endpoint": {
      "value": "gitops-redis.esvaw6.0001.use1.cache.amazonaws.com",
      "type": "string"
    },
    "redis_port": {
      "value": 6379,
      "type": "number"
    },
    "redis_secret_arn": {
      "value": "arn:aws:secretsmanager:us-east-1:287043460305:secret:aws-gitops-pipeline-dev-redis-credentials-HAWPvS",
      "type": "string"
    },
    "vpc_id": {
      "value": "vpc-088ff4f0769867298",
      "type": "string"
    }
  },
  "resources": [
    {
      "module": "module.ecr",
      "mode": "managed",
      "type": "aws_ecr_lifecycle_policy",
      "name": "main",
      "provider": "provider[\"registry.terraform.io/hashicorp/aws\"]",
      "instances": [
        {
          "schema_version": 0,
          "attributes": {
            "id": "nodejs-app",
            "policy": "{\"rules\":[{\"action\":{\"type\":\"expire\"},\"description\":\"Keep last 10 images\",\"rulePriority\":1,\"selection\":{\"countNumber\":10,\"countType\":\"imageCountMoreThan\",\"tagStatus\":\"any\"}}]}",
            "registry_id": "287043460305",
            "repository": "nodejs-app"
          },
          "sensitive_attributes": [],
          "identity_schema_version": 0,
          "private": "bnVsbA==",
          "dependencies": [
            "module.ecr.aws_ecr_repository.main"
          ]
        }
      ]
    },
    {
      "module": "module.ecr",
      "mode": "managed",
      "type": "aws_ecr_repository",
      "name": "main",
      "provider": "provider[\"registry.terraform.io/hashicorp/aws\"]",
      "instances": [
        {
          "schema_version": 0,
          "attributes": {
            "arn": "arn:aws:ecr:us-east-1:287043460305:repository/nodejs-app",
            "encryption_configuration": [
              {
                "encryption_type": "AES256",
                "kms_key": ""
              }
            ],
            "force_delete": null,
            "id": "nodejs-app",
            "image_scanning_configuration": [
              {
                "scan_on_push": true
              }
            ],
            "image_tag_mutability": "MUTABLE",
            "name": "nodejs-app",
            "registry_id": "287043460305",
            "repository_url": "287043460305.dkr.ecr.us-east-1.amazonaws.com/nodejs-app",
            "tags": {
              "Name": "aws-gitops-pipeline-dev-nodejs-app"
            },
            "tags_all": {
              "Environment": "dev",
              "ManagedBy": "terraform",
              "Name": "aws-gitops-pipeline-dev-nodejs-app",
              "Project": "aws-gitops-pipeline"
            },
            "timeouts": null
          },
          "sensitive_attributes": [],
          "identity_schema_version": 0,
          "private": "eyJlMmJmYjczMC1lY2FhLTExZTYtOGY4OC0zNDM2M2JjN2M0YzAiOnsiZGVsZXRlIjoxMjAwMDAwMDAwMDAwfX0="
        }
      ]
    },
    {
      "module": "module.eks",
      "mode": "data",
      "type": "tls_certificate",
      "name": "eks",
      "provider": "provider[\"registry.terraform.io/hashicorp/tls\"]",
      "instances": [
        {
          "schema_version": 0,
          "attributes": {
            "certificates": [
              {
                "cert_pem": "-----BEGIN CERTIFICATE-----\nMIIEkjCCA3qgAwIBAgITBn+USionzfP6wq4rAfkI7rnExjANBgkqhkiG9w0BAQsF\nADCBmDELMAkGA1UEBhMCVVMxEDAOBgNVBAgTB0FyaXpvbmExEzARBgNVBAcTClNj\nb3R0c2RhbGUxJTAjBgNVBAoTHFN0YXJmaWVsZCBUZWNobm9sb2dpZXMsIEluYy4x\nOzA5BgNVBAMTMlN0YXJmaWVsZCBTZXJ2aWNlcyBSb290IENlcnRpZmljYXRlIEF1\ndGhvcml0eSAtIEcyMB4XDTE1MDUyNTEyMDAwMFoXDTM3MTIzMTAxMDAwMFowOTEL\nMAkGA1UEBhMCVVMxDzANBgNVBAoTBkFtYXpvbjEZMBcGA1UEAxMQQW1hem9uIFJv\nb3QgQ0EgMTCCASIwDQYJKoZIhvcNAQEBBQADggEPADCCAQoCggEBALJ4gHHKeNXj\nca9HgFB0fW7Y14h29Jlo91ghYPl0hAEvrAIthtOgQ3pOsqTQNroBvo3bSMgHFzZM\n9O6II8c+6zf1tRn4SWiw3te5djgdYZ6k/oI2peVKVuRF4fn9tBb6dNqcmzU5L/qw\nIFAGbHrQgLKm+a/sRxmPUDgH3KKHOVj4utWp+UhnMJbulHheb4mjUcAwhmahRWa6\nVOujw5H5SNz/0egwLX0tdHA114gk957EWW67c4cX8jJGKLhD+rcdqsq08p8kDi1L\n93FcXmn/6pUCyziKrlA4b9v7LWIbxcceVOF34GfID5yHI9Y/QCB/IIDEgEw+OyQm\njgSubJrIqg0CAwEAAaOCATEwggEtMA8GA1UdEwEB/wQFMAMBAf8wDgYDVR0PAQH/\nBAQDAgGGMB0GA1UdDgQWBBSEGMyFNOy8DJSULghZnMeyEE4KCDAfBgNVHSMEGDAW\ngBScXwDfqgHXMCs4iKK4bUqc8hGRgzB4BggrBgEFBQcBAQRsMGowLgYIKwYBBQUH\nMAGGImh0dHA6Ly9vY3NwLnJvb3RnMi5hbWF6b250cnVzdC5jb20wOAYIKwYBBQUH\nMAKGLGh0dHA6Ly9jcnQucm9vdGcyLmFtYXpvbnRydXN0LmNvbS9yb290ZzIuY2Vy\nMD0GA1UdHwQ2MDQwMqAwoC6GLGh0dHA6Ly9jcmwucm9vdGcyLmFtYXpvbnRydXN0\nLmNvbS9yb290ZzIuY3JsMBEGA1UdIAQKMAgwBgYEVR0gADANBgkqhkiG9w0BAQsF\nAAOCAQEAYjdCXLwQtT6LLOkMm2xF4gcAevnFWAu5CIw+7bMlPLVvUOTNNWqnkzSW\nMiGpSESrnO09tKpzbeR/FoCJbM8oAxiDR3mjEH4wW6w7sGDgd9QIpuEdfF7Au/ma\neyKdpwAJfqxGF4PcnCZXmTA5YpaP7dreqsXMGz7KQ2hsVxa81Q4gLv7/wmpdLqBK\nbRRYh5TmOTFffHPLkIhqhBGWJ6bt2YFGpn6jcgAKUj6DiAdjd4lpFw85hdKrCEVN\n0FE6/V1dN2RMfjCyVSRCnTawXZwXgWHxyvkQAiSr6w10kY17RSlQOYiypok1JR4U\nakcjMS9cmvqtmg5iUaQqqcT5NJ0hGA==\n-----END CERTIFICATE-----\n",
                "is_ca": true,
                "issuer": "CN=Starfield Services Root Certificate Authority - G2,O=Starfield Technologies\\, Inc.,L=Scottsdale,ST=Arizona,C=US",
                "not_after": "2037-12-31T01:00:00Z",
                "not_before": "2015-05-25T12:00:00Z",
                "public_key_algorithm": "RSA",
                "serial_number": "144918191876577076464031512351042010504348870",
                "sha1_fingerprint": "06b25927c42a721631c1efd9431e648fa62e1e39",
                "signature_algorithm": "SHA256-RSA",
                "subject": "CN=Amazon Root CA 1,O=Amazon,C=US",
                "version": 3
              },
              {
                "cert_pem": "-----BEGIN CERTIFICATE-----\nMIIEXjCCA0agAwIBAgITB3MSOAudZoijOx7Zv5zNpo4ODzANBgkqhkiG9w0BAQsF\nADA5MQswCQYDVQQGEwJVUzEPMA0GA1UEChMGQW1hem9uMRkwFwYDVQQDExBBbWF6\nb24gUm9vdCBDQSAxMB4XDTIyMDgyMzIyMjEyOFoXDTMwMDgyMzIyMjEyOFowPDEL\nMAkGA1UEBhMCVVMxDzANBgNVBAoTBkFtYXpvbjEcMBoGA1UEAxMTQW1hem9uIFJT\nQSAyMDQ4IE0wMTCCASIwDQYJKoZIhvcNAQEBBQADggEPADCCAQoCggEBAOtxLKnL\nH4gokjIwr4pXD3i3NyWVVYesZ1yX0yLI2qIUZ2t88Gfa4gMqs1YSXca1R/lnCKeT\nepWSGA+0+fkQNpp/L4C2T7oTTsddUx7g3ZYzByDTlrwS5HRQQqEFE3O1T5tEJP4t\nf+28IoXsNiEzl3UGzicYgtzj2cWCB41eJgEmJmcf2T8TzzK6a614ZPyq/w4CPAff\nnAV4coz96nW3AyiE2uhuB4zQUIXvgVSycW7sbWLvj5TDXunEpNCRwC4kkZjK7rol\njtT2cbb7W2s4Bkg3R42G3PLqBvt2N32e/0JOTViCk8/iccJ4sXqrS1uUN4iB5Nmv\nJK74csVl+0u0UecCAwEAAaOCAVowggFWMBIGA1UdEwEB/wQIMAYBAf8CAQAwDgYD\nVR0PAQH/BAQDAgGGMB0GA1UdJQQWMBQGCCsGAQUFBwMBBggrBgEFBQcDAjAdBgNV\nHQ4EFgQUgbgOY4qJEhjl+js7UJWf5uWQE4UwHwYDVR0jBBgwFoAUhBjMhTTsvAyU\nlC4IWZzHshBOCggwewYIKwYBBQUHAQEEbzBtMC8GCCsGAQUFBzABhiNodHRwOi8v\nb2NzcC5yb290Y2ExLmFtYXpvbnRydXN0LmNvbTA6BggrBgEFBQcwAoYuaHR0cDov\nL2NydC5yb290Y2ExLmFtYXpvbnRydXN0LmNvbS9yb290Y2ExLmNlcjA/BgNVHR8E\nODA2MDSgMqAwhi5odHRwOi8vY3JsLnJvb3RjYTEuYW1hem9udHJ1c3QuY29tL3Jv\nb3RjYTEuY3JsMBMGA1UdIAQMMAowCAYGZ4EMAQIBMA0GCSqGSIb3DQEBCwUAA4IB\nAQCtAN4CBSMuBjJitGuxlBbkEUDeK/pZwTXv4KqPK0G50fOHOQAd8j21p0cMBgbG\nkfMHVwLU7b0XwZCav0h1ogdPMN1KakK1DT0VwA/+hFvGPJnMV1Kx2G4S1ZaSk0uU\n5QfoiYIIano01J5k4T2HapKQmmOhS/iPtuo00wW+IMLeBuKMn3OLn005hcrOGTad\nhcmeyfhQP7Z+iKHvyoQGi1C0ClymHETx/chhQGDyYSWqB/THwnN15AwLQo0E5V9E\nSJlbe4mBlqeInUsNYugExNf+tOiybcrswBy8OFsd34XOW3rjSUtsuafd9AWySa3h\nxRRrwszrzX/WWGm6wyB+f7C4\n-----END CERTIFICATE-----\n",
                "is_ca": true,
                "issuer": "CN=Amazon Root CA 1,O=Amazon,C=US",
                "not_after": "2030-08-23T22:21:28Z",
                "not_before": "2022-08-23T22:21:28Z",
                "public_key_algorithm": "RSA",
                "serial_number": "166129328851546858514271303855646110030630415",
                "sha1_fingerprint": "2ad974a775f73cbdbbd8f5ac3a49255fa8fb1f8c",
                "signature_algorithm": "SHA256-RSA",
                "subject": "CN=Amazon RSA 2048 M01,O=Amazon,C=US",
                "version": 3
              },
              {
                "cert_pem": "-----BEGIN CERTIFICATE-----\nMIIF3DCCBMSgAwIBAgIQB14f0Z6brALSpKigLOiS6jANBgkqhkiG9w0BAQsFADA8\nMQswCQYDVQQGEwJVUzEPMA0GA1UEChMGQW1hem9uMRwwGgYDVQQDExNBbWF6b24g\nUlNBIDIwNDggTTAxMB4XDTI1MTAwNjAwMDAwMFoXDTI2MDMyNzIzNTk1OVowKDEm\nMCQGA1UEAwwdKi5la3MudXMtZWFzdC0xLmFtYXpvbmF3cy5jb20wggEiMA0GCSqG\nSIb3DQEBAQUAA4IBDwAwggEKAoIBAQCwz97XCUOv8dM3smhrqq7RglkPLC/3B/Zy\nP4Zekfo/B/a2vNQ4F7HlvwH6S7ziPSuN2I0/py6CBULTg+ffrINzuSb3rwcQNzXd\nTct/JG/36hEejxCcPcP1ok+V2j3GHCt3tIdh80c2Ug2dSj5jIEhi3AwXPdXanHz6\nvyLi5Tst9sdZi0NXQwoY49PIpQEcxp70LVr5+OyMIGRt2/WaUJblHbDjjuj6IHEA\nICm6zd8Bimr1c+YzVAMXP2sw0sbX7yd0bgItKD7dUM/qokhJwGo3jHupXyh/K89/\nqnl4TF/yAzBq8r3Ipfxj6CIvPFfm0xTq8CRDNiYeekpeWYf041CBAgMBAAGjggLs\nMIIC6DAfBgNVHSMEGDAWgBSBuA5jiokSGOX6OztQlZ/m5ZAThTAdBgNVHQ4EFgQU\nV3222qV/dAUJo/pYeDTe95DKaQYwKAYDVR0RBCEwH4IdKi5la3MudXMtZWFzdC0x\nLmFtYXpvbmF3cy5jb20wEwYDVR0gBAwwCjAIBgZngQwBAgEwDgYDVR0PAQH/BAQD\nAgWgMBMGA1UdJQQMMAoGCCsGAQUFBwMBMDsGA1UdHwQ0MDIwMKAuoCyGKmh0dHA6\nLy9jcmwucjJtMDEuYW1hem9udHJ1c3QuY29tL3IybTAxLmNybDB1BggrBgEFBQcB\nAQRpMGcwLQYIKwYBBQUHMAGGIWh0dHA6Ly9vY3NwLnIybTAxLmFtYXpvbnRydXN0\nLmNvbTA2BggrBgEFBQcwAoYqaHR0cDovL2NydC5yMm0wMS5hbWF6b250cnVzdC5j\nb20vcjJtMDEuY2VyMAwGA1UdEwEB/wQCMAAwggF+BgorBgEEAdZ5AgQCBIIBbgSC\nAWoBaAB2AA5XlLzzrqk+MxssmQez95Dfm8I9cTIl3SGpJaxhxU4hAAABmbs7sv8A\nAAQDAEcwRQIhAL86q0K2FzUXW6WfqeuY+r+iIajJXNNyY3arS6evrfOeAiBElus1\n/3b0kY/e8L5gErtac/IHEufuNudmXd5vLiCDCAB2AGQRxGykEuyniRyiAi4AvKtP\nKAfUHjUnq+r+1QPJfc3wAAABmbs7sz8AAAQDAEcwRQIgG2ep4FQnhdrmTs0rUp6x\nr1pEIJ72DblPnqw3jFm8MGkCIQCuuEOvK3TMnnjVRALy8roN65umJw0IC8PiwLn1\ni9phfQB2AEmcm2neHXzs/DbezYdkprhbrwqHgBnRVVL76esp3fjDAAABmbs7s0sA\nAAQDAEcwRQIgKGFGo+2dXRe9CruBH/vrUjcLyxdkvTR9dNWsgDFWR5wCIQDTYce6\nL0yv1LRQvElypbWRRBD7jQHBqBvjldIjtfJ6yTANBgkqhkiG9w0BAQsFAAOCAQEA\ndomdsxTvmYQMT+HYareaMRBmrWGcfi3NRcTaoRTLMjDECu7HlJN6uqVEtqUyJ2Wt\nu4QMAcEEB8sfxG8oDlFNrl+zp0YpuxcyoBN5xsK7luLMDWTr9/3ypqd4mZWTRD7J\npE3yi8uYm5Jh4r+AtQ8pOcEVCZwvftmbbdVitFjrS4lf3KUiJDQdsp3KXfiHloy4\nb2JzrmW2u+IEhUrD4G4qC72QzmmqFnvjRJFGvzjmMNOZiK9G1hw8+hkg9qG9hDll\nAeVBncO+rSB1ZZv3E8UtOfd42CVuizIkC4iZgTOAtahPov2hYVzwU6CHq+67c7LD\n8GuVFisgUWRBu0QW++R6bA==\n-----END CERTIFICATE-----\n",
                "is_ca": false,
                "issuer": "CN=Amazon RSA 2048 M01,O=Amazon,C=US",
                "not_after": "2026-03-27T23:59:59Z",
                "not_before": "2025-10-06T00:00:00Z",
                "public_key_algorithm": "RSA",
                "serial_number": "9793317237667190943357987649422398186",
                "sha1_fingerprint": "d7d10ac1fd7e87f1a3787a9a8be9b0f8538ec059",
                "signature_algorithm": "SHA256-RSA",
                "subject": "CN=*.eks.us-east-1.amazonaws.com",
                "version": 3
              }
            ],
            "content": null,
            "id": "0c37bb608751c2a14704338d4b14c14e6dbe88ac",
            "url": "https://oidc.eks.us-east-1.amazonaws.com/id/A1D63D97227F9A81331D8379F0437C44",
            "verify_chain": true
          },
          "sensitive_attributes": [],
          "identity_schema_version": 0
        }
      ]
    },
    {
      "module": "module.eks",
      "mode": "managed",
      "type": "aws_eks_addon",
      "name": "ebs_csi_driver",
      "provider": "provider[\"registry.terraform.io/hashicorp/aws\"]",
      "instances": [
        {
          "schema_version": 0,
          "attributes": {
            "addon_name": "aws-ebs-csi-driver",
            "addon_version": "v1.25.0-eksbuild.1",
            "arn": "arn:aws:eks:us-east-1:287043460305:addon/gitops-eks-cluster/aws-ebs-csi-driver/44cd2ef6-3fce-63a2-2150-edfac954c376",
            "cluster_name": "gitops-eks-cluster",
            "configuration_values": "",
            "created_at": "2025-11-07T10:46:11Z",
            "id": "gitops-eks-cluster:aws-ebs-csi-driver",
            "modified_at": "2025-11-07T10:46:52Z",
            "pod_identity_association": [],
            "preserve": null,
            "resolve_conflicts": null,
            "resolve_conflicts_on_create": null,
            "resolve_conflicts_on_update": null,
            "service_account_role_arn": "arn:aws:iam::287043460305:role/aws-gitops-pipeline-dev-ebs-csi-driver-role",
            "tags": {
              "Name": "aws-gitops-pipeline-dev-ebs-csi-driver"
            },
            "tags_all": {
              "Environment": "dev",
              "ManagedBy": "terraform",
              "Name": "aws-gitops-pipeline-dev-ebs-csi-driver",
              "Project": "aws-gitops-pipeline"
            },
            "timeouts": null
          },
          "sensitive_attributes": [],
          "identity_schema_version": 0,
          "private": "eyJlMmJmYjczMC1lY2FhLTExZTYtOGY4OC0zNDM2M2JjN2M0YzAiOnsiY3JlYXRlIjoxMjAwMDAwMDAwMDAwLCJkZWxldGUiOjI0MDAwMDAwMDAwMDAsInVwZGF0ZSI6MTIwMDAwMDAwMDAwMH19",
          "dependencies": [
            "module.eks.aws_eks_cluster.main",
            "module.eks.aws_eks_node_group.main",
            "module.eks.aws_iam_openid_connect_provider.eks",
            "module.eks.aws_iam_policy.ebs_csi_driver",
            "module.eks.aws_iam_role.ebs_csi_driver",
            "module.eks.aws_iam_role.eks_cluster",
            "module.eks.aws_iam_role.eks_node_group",
            "module.eks.aws_iam_role_policy_attachment.ebs_csi_driver",
            "module.eks.aws_iam_role_policy_attachment.eks_cluster_policy",
            "module.eks.aws_iam_role_policy_attachment.eks_cni_policy",
            "module.eks.aws_iam_role_policy_attachment.eks_container_registry_policy",
            "module.eks.aws_iam_role_policy_attachment.eks_vpc_resource_controller",
            "module.eks.aws_iam_role_policy_attachment.eks_worker_node_policy",
            "module.eks.data.tls_certificate.eks",
            "module.vpc.aws_eip.nat",
            "module.vpc.aws_internet_gateway.main",
            "module.vpc.aws_nat_gateway.main",
            "module.vpc.aws_route_table.private",
            "module.vpc.aws_route_table.public",
            "module.vpc.aws_route_table_association.private",
            "module.vpc.aws_route_table_association.public",
            "module.vpc.aws_subnet.private",
            "module.vpc.aws_subnet.public",
            "module.vpc.aws_vpc.main"
          ]
        }
      ]
    },
    {
      "module": "module.eks",
      "mode": "managed",
      "type": "aws_eks_cluster",
      "name": "main",
      "provider": "provider[\"registry.terraform.io/hashicorp/aws\"]",
      "instances": [
        {
          "schema_version": 1,
          "attributes": {
            "access_config": [
              {
                "authentication_mode": "CONFIG_MAP",
                "bootstrap_cluster_creator_admin_permissions": true
              }
            ],
            "arn": "arn:aws:eks:us-east-1:287043460305:cluster/gitops-eks-cluster",
            "bootstrap_self_managed_addons": true,
            "certificate_authority": [
              {
                "data": "LS0tLS1CRUdJTiBDRVJUSUZJQ0FURS0tLS0tCk1JSURCVENDQWUyZ0F3SUJBZ0lJQ2pzTkVqV0RuaWd3RFFZSktvWklodmNOQVFFTEJRQXdGVEVUTUJFR0ExVUUKQXhNS2EzVmlaWEp1WlhSbGN6QWVGdzB5TlRFeE1EY3hNRE0xTWpkYUZ3MHpOVEV4TURVeE1EUXdNamRhTUJVeApFekFSQmdOVkJBTVRDbXQxWW1WeWJtVjBaWE13Z2dFaU1BMEdDU3FHU0liM0RRRUJBUVVBQTRJQkR3QXdnZ0VLCkFvSUJBUUM1eUdkcXpRZEQxMXdmTEZqbXhqV2tEZThZZUt2d25YazYzc1RvMjU2YUd6R05ySi9sL05HeGdUcTUKM2tkcUhrQXR6cVI4RHZZNlcxaTdUY2JacVhMV2N3MW1RbUhaRkNBcWxLMHcyakN4V25oUkxNV2h1NDIzRGwySAo0eWU3UnF3aGpoRDUwMGpySXlZUWJwN2JGamhVajZCOHpwcVhxT29yNUdQZXFWVEdrcStIVW1nV0poZzByRjBVCituSWRPSjIrWC9tS3VGQ2NUMGJPTkxKb0tPekxIL3prQ0dpTW4yRWF3Q0VHb1dPamNWVjRrUStFbTd1dTQwU3UKNUpjd2pKc3g3ZUdXWXJTWmZyK2YybGVyR2gwZkd5eUQ1N0xMQ3RKL0ZyWEhIaStERkhHNUNmYVFoUmVaT1g0NgpETjAyY0NlV0h3S29iWFZ5aUo0OHNBQ3pNeUJkQWdNQkFBR2pXVEJYTUE0R0ExVWREd0VCL3dRRUF3SUNwREFQCkJnTlZIUk1CQWY4RUJUQURBUUgvTUIwR0ExVWREZ1FXQkJUYjdvK0RCNEJ2VElvKy8vUG02b0xlb2NpczZUQVYKQmdOVkhSRUVEakFNZ2dwcmRXSmxjbTVsZEdWek1BMEdDU3FHU0liM0RRRUJDd1VBQTRJQkFRQ0RkSGExMk1LaQo3aXd3ZUJXMmdVUi95dzFBYW9PTVlOQnNPRGZlSjNOVHFTcXp4QkpPcWFwb0NVVGxxWjM1MEVNdzJZb3dWVUZ2CkhObG1aU21XaVdlbTY3Y0xQd0VkclZHaE5zdGFJNWxUUHJwSi81VnhBTUoxQVlaWDVDV2lUQjI2aW9PM014TlYKdG5XVVJsZEdRMit5Z1VLQUp4MnNqalpLZndRcnpuZWVOd1VSUjgremJrUnlLcTVaaTRLVzNjRmR3VTdmRHlpWgoybDVJdEFHeC9rcjZ1azlDNWUvSis1Uzg1cGRnTEdqS3dselRjcFMvNUdVNjFKZzMrMGlleUcySENGSFVBUEFSClduSTNNVEFLRHM4elRST1pHOXR3dWV1amhUeUhSR2laR0ZBMVpjcEJHcHQxcXlqemUreUgzTUt4dmZYYzVpaEUKTlZaWmRCa29QYWhICi0tLS0tRU5EIENFUlRJRklDQVRFLS0tLS0K"
              }
            ],
            "cluster_id": null,
            "compute_config": [],
            "created_at": "2025-11-07T10:34:10Z",
            "enabled_cluster_log_types": [
              "api",
              "audit",
              "authenticator",
              "controllerManager",
              "scheduler"
            ],
            "encryption_config": [],
            "endpoint": "https://A1D63D97227F9A81331D8379F0437C44.gr7.us-east-1.eks.amazonaws.com",
            "force_update_version": null,
            "id": "gitops-eks-cluster",
            "identity": [
              {
                "oidc": [
                  {
                    "issuer": "https://oidc.eks.us-east-1.amazonaws.com/id/A1D63D97227F9A81331D8379F0437C44"
                  }
                ]
              }
            ],
            "kubernetes_network_config": [
              {
                "elastic_load_balancing": [
                  {
                    "enabled": false
                  }
                ],
                "ip_family": "ipv4",
                "service_ipv4_cidr": "172.20.0.0/16",
                "service_ipv6_cidr": ""
              }
            ],
            "name": "gitops-eks-cluster",
            "outpost_config": [],
            "platform_version": "eks.61",
            "remote_network_config": [],
            "role_arn": "arn:aws:iam::287043460305:role/aws-gitops-pipeline-dev-eks-cluster-role",
            "status": "ACTIVE",
            "storage_config": [],
            "tags": {
              "Name": "aws-gitops-pipeline-dev-eks-cluster"
            },
            "tags_all": {
              "Environment": "dev",
              "ManagedBy": "terraform",
              "Name": "aws-gitops-pipeline-dev-eks-cluster",
              "Project": "aws-gitops-pipeline"
            },
            "timeouts": null,
            "upgrade_policy": [
              {
                "support_type": "EXTENDED"
              }
            ],
            "version": "1.28",
            "vpc_config": [
              {
                "cluster_security_group_id": "sg-00762931d0e17a60f",
                "endpoint_private_access": true,
                "endpoint_public_access": true,
                "public_access_cidrs": [
                  "0.0.0.0/0"
                ],
                "security_group_ids": [],
                "subnet_ids": [
                  "subnet-01aebe1e468fff599",
                  "subnet-06fb0d85c39df0ea0",
                  "subnet-07b4b2443cccb6e52"
                ],
                "vpc_id": "vpc-088ff4f0769867298"
              }
            ],
            "zonal_shift_config": []
          },
          "sensitive_attributes": [],
          "identity_schema_version": 0,
          "private": "eyJlMmJmYjczMC1lY2FhLTExZTYtOGY4OC0zNDM2M2JjN2M0YzAiOnsiY3JlYXRlIjoxODAwMDAwMDAwMDAwLCJkZWxldGUiOjkwMDAwMDAwMDAwMCwidXBkYXRlIjozNjAwMDAwMDAwMDAwfSwic2NoZW1hX3ZlcnNpb24iOiIxIn0=",
          "dependencies": [
            "module.eks.aws_iam_role.eks_cluster",
            "module.eks.aws_iam_role_policy_attachment.eks_cluster_policy",
            "module.eks.aws_iam_role_policy_attachment.eks_vpc_resource_controller",
            "module.vpc.aws_eip.nat",
            "module.vpc.aws_internet_gateway.main",
            "module.vpc.aws_nat_gateway.main",
            "module.vpc.aws_route_table.private",
            "module.vpc.aws_route_table.public",
            "module.vpc.aws_route_table_association.private",
            "module.vpc.aws_route_table_association.public",
            "module.vpc.aws_subnet.private",
            "module.vpc.aws_subnet.public",
            "module.vpc.aws_vpc.main"
          ]
        }
      ]
    },
    {
      "module": "module.eks",
      "mode": "managed",
      "type": "aws_eks_node_group",
      "name": "main",
      "provider": "provider[\"registry.terraform.io/hashicorp/aws\"]",
      "instances": [
        {
          "schema_version": 0,
          "attributes": {
            "ami_type": "AL2_x86_64",
            "arn": "arn:aws:eks:us-east-1:287043460305:nodegroup/gitops-eks-cluster/aws-gitops-pipeline-dev-node-group/72cd2ef5-7509-bb8c-2633-e53e7f77e58d",
            "capacity_type": "ON_DEMAND",
            "cluster_name": "gitops-eks-cluster",
            "disk_size": 20,
            "force_update_version": null,
            "id": "gitops-eks-cluster:aws-gitops-pipeline-dev-node-group",
            "instance_types": [
              "t3.small"
            ],
            "labels": {},
            "launch_template": [],
            "node_group_name": "aws-gitops-pipeline-dev-node-group",
            "node_group_name_prefix": "",
            "node_repair_config": [],
            "node_role_arn": "arn:aws:iam::287043460305:role/aws-gitops-pipeline-dev-eks-node-group-role",
            "release_version": "1.28.15-20251103",
            "remote_access": [],
            "resources": [
              {
                "autoscaling_groups": [
                  {
                    "name": "eks-aws-gitops-pipeline-dev-node-group-72cd2ef5-7509-bb8c-2633-e53e7f77e58d"
                  }
                ],
                "remote_access_security_group_id": ""
              }
            ],
            "scaling_config": [
              {
                "desired_size": 2,
                "max_size": 4,
                "min_size": 1
              }
            ],
            "status": "ACTIVE",
            "subnet_ids": [
              "subnet-01aebe1e468fff599",
              "subnet-06fb0d85c39df0ea0",
              "subnet-07b4b2443cccb6e52"
            ],
            "tags": {
              "Name": "aws-gitops-pipeline-dev-eks-node-group"
            },
            "tags_all": {
              "Environment": "dev",
              "ManagedBy": "terraform",
              "Name": "aws-gitops-pipeline-dev-eks-node-group",
              "Project": "aws-gitops-pipeline"
            },
            "taint": [],
            "timeouts": null,
            "update_config": [
              {
                "max_unavailable": 1,
                "max_unavailable_percentage": 0
              }
            ],
            "version": "1.28"
          },
          "sensitive_attributes": [],
          "identity_schema_version": 0,
          "private": "eyJlMmJmYjczMC1lY2FhLTExZTYtOGY4OC0zNDM2M2JjN2M0YzAiOnsiY3JlYXRlIjozNjAwMDAwMDAwMDAwLCJkZWxldGUiOjM2MDAwMDAwMDAwMDAsInVwZGF0ZSI6MzYwMDAwMDAwMDAwMH19",
          "dependencies": [
            "module.eks.aws_eks_cluster.main",
            "module.eks.aws_iam_role.eks_cluster",
            "module.eks.aws_iam_role.eks_node_group",
            "module.eks.aws_iam_role_policy_attachment.eks_cluster_policy",
            "module.eks.aws_iam_role_policy_attachment.eks_cni_policy",
            "module.eks.aws_iam_role_policy_attachment.eks_container_registry_policy",
            "module.eks.aws_iam_role_policy_attachment.eks_vpc_resource_controller",
            "module.eks.aws_iam_role_policy_attachment.eks_worker_node_policy",
            "module.vpc.aws_eip.nat",
            "module.vpc.aws_internet_gateway.main",
            "module.vpc.aws_nat_gateway.main",
            "module.vpc.aws_route_table.private",
            "module.vpc.aws_route_table.public",
            "module.vpc.aws_route_table_association.private",
            "module.vpc.aws_route_table_association.public",
            "module.vpc.aws_subnet.private",
            "module.vpc.aws_subnet.public",
            "module.vpc.aws_vpc.main"
          ]
        }
      ]
    },
    {
      "module": "module.eks",
      "mode": "managed",
      "type": "aws_iam_openid_connect_provider",
      "name": "eks",
      "provider": "provider[\"registry.terraform.io/hashicorp/aws\"]",
      "instances": [
        {
          "schema_version": 0,
          "attributes": {
            "arn": "arn:aws:iam::287043460305:oidc-provider/oidc.eks.us-east-1.amazonaws.com/id/A1D63D97227F9A81331D8379F0437C44",
            "client_id_list": [
              "sts.amazonaws.com"
            ],
            "id": "arn:aws:iam::287043460305:oidc-provider/oidc.eks.us-east-1.amazonaws.com/id/A1D63D97227F9A81331D8379F0437C44",
            "tags": {
              "Name": "aws-gitops-pipeline-dev-eks-oidc-provider"
            },
            "tags_all": {
              "Environment": "dev",
              "ManagedBy": "terraform",
              "Name": "aws-gitops-pipeline-dev-eks-oidc-provider",
              "Project": "aws-gitops-pipeline"
            },
            "thumbprint_list": [
              "06b25927c42a721631c1efd9431e648fa62e1e39"
            ],
            "url": "oidc.eks.us-east-1.amazonaws.com/id/A1D63D97227F9A81331D8379F0437C44"
          },
          "sensitive_attributes": [],
          "identity_schema_version": 0,
          "private": "bnVsbA==",
          "dependencies": [
            "module.eks.aws_eks_cluster.main",
            "module.eks.aws_iam_role.eks_cluster",
            "module.eks.aws_iam_role_policy_attachment.eks_cluster_policy",
            "module.eks.aws_iam_role_policy_attachment.eks_vpc_resource_controller",
            "module.eks.data.tls_certificate.eks",
            "module.vpc.aws_eip.nat",
            "module.vpc.aws_internet_gateway.main",
            "module.vpc.aws_nat_gateway.main",
            "module.vpc.aws_route_table.private",
            "module.vpc.aws_route_table.public",
            "module.vpc.aws_route_table_association.private",
            "module.vpc.aws_route_table_association.public",
            "module.vpc.aws_subnet.private",
            "module.vpc.aws_subnet.public",
            "module.vpc.aws_vpc.main"
          ]
        }
      ]
    },
    {
      "module": "module.eks",
      "mode": "managed",
      "type": "aws_iam_policy",
      "name": "ebs_csi_driver",
      "provider": "provider[\"registry.terraform.io/hashicorp/aws\"]",
      "instances": [
        {
          "schema_version": 0,
          "attributes": {
            "arn": "arn:aws:iam::287043460305:policy/aws-gitops-pipeline-dev-ebs-csi-driver-policy",
            "attachment_count": 1,
            "description": "Policy for EBS CSI Driver",
            "id": "arn:aws:iam::287043460305:policy/aws-gitops-pipeline-dev-ebs-csi-driver-policy",
            "name": "aws-gitops-pipeline-dev-ebs-csi-driver-policy",
            "name_prefix": "",
            "path": "/",
            "policy": "{\"Statement\":[{\"Action\":[\"ec2:CreateSnapshot\",\"ec2:AttachVolume\",\"ec2:DetachVolume\",\"ec2:ModifyVolume\",\"ec2:DescribeAvailabilityZones\",\"ec2:DescribeInstances\",\"ec2:DescribeSnapshots\",\"ec2:DescribeTags\",\"ec2:DescribeVolumes\",\"ec2:DescribeVolumesModifications\"],\"Effect\":\"Allow\",\"Resource\":\"*\"},{\"Action\":[\"ec2:CreateTags\"],\"Condition\":{\"StringEquals\":{\"ec2:CreateAction\":[\"CreateVolume\",\"CreateSnapshot\"]}},\"Effect\":\"Allow\",\"Resource\":[\"arn:aws:ec2:*:*:volume/*\",\"arn:aws:ec2:*:*:snapshot/*\"]},{\"Action\":[\"ec2:DeleteTags\"],\"Effect\":\"Allow\",\"Resource\":[\"arn:aws:ec2:*:*:volume/*\",\"arn:aws:ec2:*:*:snapshot/*\"]},{\"Action\":[\"ec2:CreateVolume\"],\"Condition\":{\"StringLike\":{\"aws:RequestTag/ebs.csi.aws.com/cluster\":\"true\"}},\"Effect\":\"Allow\",\"Resource\":\"*\"},{\"Action\":[\"ec2:CreateVolume\"],\"Condition\":{\"StringLike\":{\"aws:RequestTag/CSIVolumeName\":\"*\"}},\"Effect\":\"Allow\",\"Resource\":\"*\"},{\"Action\":[\"ec2:DeleteVolume\"],\"Condition\":{\"StringLike\":{\"ec2:ResourceTag/ebs.csi.aws.com/cluster\":\"true\"}},\"Effect\":\"Allow\",\"Resource\":\"*\"},{\"Action\":[\"ec2:DeleteVolume\"],\"Condition\":{\"StringLike\":{\"ec2:ResourceTag/CSIVolumeName\":\"*\"}},\"Effect\":\"Allow\",\"Resource\":\"*\"},{\"Action\":[\"ec2:DeleteVolume\"],\"Condition\":{\"StringLike\":{\"ec2:ResourceTag/kubernetes.io/created-for/pvc/name\":\"*\"}},\"Effect\":\"Allow\",\"Resource\":\"*\"},{\"Action\":[\"ec2:DeleteSnapshot\"],\"Condition\":{\"StringLike\":{\"ec2:ResourceTag/CSIVolumeSnapshotName\":\"*\"}},\"Effect\":\"Allow\",\"Resource\":\"*\"},{\"Action\":[\"ec2:DeleteSnapshot\"],\"Condition\":{\"StringLike\":{\"ec2:ResourceTag/ebs.csi.aws.com/cluster\":\"true\"}},\"Effect\":\"Allow\",\"Resource\":\"*\"}],\"Version\":\"2012-10-17\"}",
            "policy_id": "ANPAUFVI7TTIT6JBZRD7P",
            "tags": {
              "Name": "aws-gitops-pipeline-dev-ebs-csi-driver-policy"
            },
            "tags_all": {
              "Environment": "dev",
              "ManagedBy": "terraform",
              "Name": "aws-gitops-pipeline-dev-ebs-csi-driver-policy",
              "Project": "aws-gitops-pipeline"
            }
          },
          "sensitive_attributes": [],
          "identity_schema_version": 0,
          "private": "bnVsbA==",
          "dependencies": [
            "module.vpc.aws_eip.nat",
            "module.vpc.aws_internet_gateway.main",
            "module.vpc.aws_nat_gateway.main",
            "module.vpc.aws_route_table.private",
            "module.vpc.aws_route_table.public",
            "module.vpc.aws_route_table_association.private",
            "module.vpc.aws_route_table_association.public",
            "module.vpc.aws_subnet.private",
            "module.vpc.aws_subnet.public",
            "module.vpc.aws_vpc.main"
          ]
        }
      ]
    },
    {
      "module": "module.eks",
      "mode": "managed",
      "type": "aws_iam_role",
      "name": "ebs_csi_driver",
      "provider": "provider[\"registry.terraform.io/hashicorp/aws\"]",
      "instances": [
        {
          "schema_version": 0,
          "attributes": {
            "arn": "arn:aws:iam::287043460305:role/aws-gitops-pipeline-dev-ebs-csi-driver-role",
            "assume_role_policy": "{\"Statement\":[{\"Action\":\"sts:AssumeRoleWithWebIdentity\",\"Condition\":{\"StringEquals\":{\"oidc.eks.us-east-1.amazonaws.com/id/A1D63D97227F9A81331D8379F0437C44:aud\":\"sts.amazonaws.com\",\"oidc.eks.us-east-1.amazonaws.com/id/A1D63D97227F9A81331D8379F0437C44:sub\":\"system:serviceaccount:kube-system:ebs-csi-controller-sa\"}},\"Effect\":\"Allow\",\"Principal\":{\"Federated\":\"arn:aws:iam::287043460305:oidc-provider/oidc.eks.us-east-1.amazonaws.com/id/A1D63D97227F9A81331D8379F0437C44\"}}],\"Version\":\"2012-10-17\"}",
            "create_date": "2025-11-07T10:44:32Z",
            "description": "",
            "force_detach_policies": false,
            "id": "aws-gitops-pipeline-dev-ebs-csi-driver-role",
            "inline_policy": [],
            "managed_policy_arns": [
              "arn:aws:iam::287043460305:policy/aws-gitops-pipeline-dev-ebs-csi-driver-policy"
            ],
            "max_session_duration": 3600,
            "name": "aws-gitops-pipeline-dev-ebs-csi-driver-role",
            "name_prefix": "",
            "path": "/",
            "permissions_boundary": "",
            "tags": {
              "Name": "aws-gitops-pipeline-dev-ebs-csi-driver-role"
            },
            "tags_all": {
              "Environment": "dev",
              "ManagedBy": "terraform",
              "Name": "aws-gitops-pipeline-dev-ebs-csi-driver-role",
              "Project": "aws-gitops-pipeline"
            },
            "unique_id": "AROAUFVI7TTI4XEYN4EFO"
          },
          "sensitive_attributes": [],
          "identity_schema_version": 0,
          "private": "bnVsbA==",
          "dependencies": [
            "module.eks.aws_eks_cluster.main",
            "module.eks.aws_iam_openid_connect_provider.eks",
            "module.eks.aws_iam_role.eks_cluster",
            "module.eks.aws_iam_role_policy_attachment.eks_cluster_policy",
            "module.eks.aws_iam_role_policy_attachment.eks_vpc_resource_controller",
            "module.eks.data.tls_certificate.eks",
            "module.vpc.aws_eip.nat",
            "module.vpc.aws_internet_gateway.main",
            "module.vpc.aws_nat_gateway.main",
            "module.vpc.aws_route_table.private",
            "module.vpc.aws_route_table.public",
            "module.vpc.aws_route_table_association.private",
            "module.vpc.aws_route_table_association.public",
            "module.vpc.aws_subnet.private",
            "module.vpc.aws_subnet.public",
            "module.vpc.aws_vpc.main"
          ]
        }
      ]
    },
    {
      "module": "module.eks",
      "mode": "managed",
      "type": "aws_iam_role",
      "name": "eks_cluster",
      "provider": "provider[\"registry.terraform.io/hashicorp/aws\"]",
      "instances": [
        {
          "schema_version": 0,
          "attributes": {
            "arn": "arn:aws:iam::287043460305:role/aws-gitops-pipeline-dev-eks-cluster-role",
            "assume_role_policy": "{\"Statement\":[{\"Action\":\"sts:AssumeRole\",\"Effect\":\"Allow\",\"Principal\":{\"Service\":\"eks.amazonaws.com\"}}],\"Version\":\"2012-10-17\"}",
            "create_date": "2025-11-07T10:34:05Z",
            "description": "",
            "force_detach_policies": false,
            "id": "aws-gitops-pipeline-dev-eks-cluster-role",
            "inline_policy": [],
            "managed_policy_arns": [
              "arn:aws:iam::aws:policy/AmazonEKSClusterPolicy",
              "arn:aws:iam::aws:policy/AmazonEKSVPCResourceController"
            ],
            "max_session_duration": 3600,
            "name": "aws-gitops-pipeline-dev-eks-cluster-role",
            "name_prefix": "",
            "path": "/",
            "permissions_boundary": "",
            "tags": {
              "Name": "aws-gitops-pipeline-dev-eks-cluster-role"
            },
            "tags_all": {
              "Environment": "dev",
              "ManagedBy": "terraform",
              "Name": "aws-gitops-pipeline-dev-eks-cluster-role",
              "Project": "aws-gitops-pipeline"
            },
            "unique_id": "AROAUFVI7TTI364FBO3HA"
          },
          "sensitive_attributes": [],
          "identity_schema_version": 0,
          "private": "bnVsbA==",
          "dependencies": [
            "module.vpc.aws_eip.nat",
            "module.vpc.aws_internet_gateway.main",
            "module.vpc.aws_nat_gateway.main",
            "module.vpc.aws_route_table.private",
            "module.vpc.aws_route_table.public",
            "module.vpc.aws_route_table_association.private",
            "module.vpc.aws_route_table_association.public",
            "module.vpc.aws_subnet.private",
            "module.vpc.aws_subnet.public",
            "module.vpc.aws_vpc.main"
          ]
        }
      ]
    },
    {
      "module": "module.eks",
      "mode": "managed",
      "type": "aws_iam_role",
      "name": "eks_node_group",
      "provider": "provider[\"registry.terraform.io/hashicorp/aws\"]",
      "instances": [
        {
          "schema_version": 0,
          "attributes": {
            "arn": "arn:aws:iam::287043460305:role/aws-gitops-pipeline-dev-eks-node-group-role",
            "assume_role_policy": "{\"Statement\":[{\"Action\":\"sts:AssumeRole\",\"Effect\":\"Allow\",\"Principal\":{\"Service\":\"ec2.amazonaws.com\"}}],\"Version\":\"2012-10-17\"}",
            "create_date": "2025-11-07T10:34:05Z",
            "description": "",
            "force_detach_policies": false,
            "id": "aws-gitops-pipeline-dev-eks-node-group-role",
            "inline_policy": [],
            "managed_policy_arns": [
              "arn:aws:iam::aws:policy/AmazonEC2ContainerRegistryReadOnly",
              "arn:aws:iam::aws:policy/AmazonEKSWorkerNodePolicy",
              "arn:aws:iam::aws:policy/AmazonEKS_CNI_Policy"
            ],
            "max_session_duration": 3600,
            "name": "aws-gitops-pipeline-dev-eks-node-group-role",
            "name_prefix": "",
            "path": "/",
            "permissions_boundary": "",
            "tags": {
              "Name": "aws-gitops-pipeline-dev-eks-node-group-role"
            },
            "tags_all": {
              "Environment": "dev",
              "ManagedBy": "terraform",
              "Name": "aws-gitops-pipeline-dev-eks-node-group-role",
              "Project": "aws-gitops-pipeline"
            },
            "unique_id": "AROAUFVI7TTISRFYGKAJT"
          },
          "sensitive_attributes": [],
          "identity_schema_version": 0,
          "private": "bnVsbA==",
          "dependencies": [
            "module.vpc.aws_eip.nat",
            "module.vpc.aws_internet_gateway.main",
            "module.vpc.aws_nat_gateway.main",
            "module.vpc.aws_route_table.private",
            "module.vpc.aws_route_table.public",
            "module.vpc.aws_route_table_association.private",
            "module.vpc.aws_route_table_association.public",
            "module.vpc.aws_subnet.private",
            "module.vpc.aws_subnet.public",
            "module.vpc.aws_vpc.main"
          ]
        }
      ]
    },
    {
      "module": "module.eks",
      "mode": "managed",
      "type": "aws_iam_role_policy_attachment",
      "name": "ebs_csi_driver",
      "provider": "provider[\"registry.terraform.io/hashicorp/aws\"]",
      "instances": [
        {
          "schema_version": 0,
          "attributes": {
            "id": "aws-gitops-pipeline-dev-ebs-csi-driver-role-2025110710443408010000000a",
            "policy_arn": "arn:aws:iam::287043460305:policy/aws-gitops-pipeline-dev-ebs-csi-driver-policy",
            "role": "aws-gitops-pipeline-dev-ebs-csi-driver-role"
          },
          "sensitive_attributes": [],
          "identity_schema_version": 0,
          "private": "bnVsbA==",
          "dependencies": [
            "module.eks.aws_eks_cluster.main",
            "module.eks.aws_iam_openid_connect_provider.eks",
            "module.eks.aws_iam_policy.ebs_csi_driver",
            "module.eks.aws_iam_role.ebs_csi_driver",
            "module.eks.aws_iam_role.eks_cluster",
            "module.eks.aws_iam_role_policy_attachment.eks_cluster_policy",
            "module.eks.aws_iam_role_policy_attachment.eks_vpc_resource_controller",
            "module.eks.data.tls_certificate.eks",
            "module.vpc.aws_eip.nat",
            "module.vpc.aws_internet_gateway.main",
            "module.vpc.aws_nat_gateway.main",
            "module.vpc.aws_route_table.private",
            "module.vpc.aws_route_table.public",
            "module.vpc.aws_route_table_association.private",
            "module.vpc.aws_route_table_association.public",
            "module.vpc.aws_subnet.private",
            "module.vpc.aws_subnet.public",
            "module.vpc.aws_vpc.main"
          ]
        }
      ]
    },
    {
      "module": "module.eks",
      "mode": "managed",
      "type": "aws_iam_role_policy_attachment",
      "name": "eks_cluster_policy",
      "provider": "provider[\"registry.terraform.io/hashicorp/aws\"]",
      "instances": [
        {
          "schema_version": 0,
          "attributes": {
            "id": "aws-gitops-pipeline-dev-eks-cluster-role-20251107103406416600000004",
            "policy_arn": "arn:aws:iam::aws:policy/AmazonEKSClusterPolicy",
            "role": "aws-gitops-pipeline-dev-eks-cluster-role"
          },
          "sensitive_attributes": [],
          "identity_schema_version": 0,
          "private": "bnVsbA==",
          "dependencies": [
            "module.eks.aws_iam_role.eks_cluster",
            "module.vpc.aws_eip.nat",
            "module.vpc.aws_internet_gateway.main",
            "module.vpc.aws_nat_gateway.main",
            "module.vpc.aws_route_table.private",
            "module.vpc.aws_route_table.public",
            "module.vpc.aws_route_table_association.private",
            "module.vpc.aws_route_table_association.public",
            "module.vpc.aws_subnet.private",
            "module.vpc.aws_subnet.public",
            "module.vpc.aws_vpc.main"
          ]
        }
      ]
    },
    {
      "module": "module.eks",
      "mode": "managed",
      "type": "aws_iam_role_policy_attachment",
      "name": "eks_cni_policy",
      "provider": "provider[\"registry.terraform.io/hashicorp/aws\"]",
      "instances": [
        {
          "schema_version": 0,
          "attributes": {
            "id": "aws-gitops-pipeline-dev-eks-node-group-role-20251107103406697600000008",
            "policy_arn": "arn:aws:iam::aws:policy/AmazonEKS_CNI_Policy",
            "role": "aws-gitops-pipeline-dev-eks-node-group-role"
          },
          "sensitive_attributes": [],
          "identity_schema_version": 0,
          "private": "bnVsbA==",
          "dependencies": [
            "module.eks.aws_iam_role.eks_node_group",
            "module.vpc.aws_eip.nat",
            "module.vpc.aws_internet_gateway.main",
            "module.vpc.aws_nat_gateway.main",
            "module.vpc.aws_route_table.private",
            "module.vpc.aws_route_table.public",
            "module.vpc.aws_route_table_association.private",
            "module.vpc.aws_route_table_association.public",
            "module.vpc.aws_subnet.private",
            "module.vpc.aws_subnet.public",
            "module.vpc.aws_vpc.main"
          ]
        }
      ]
    },
    {
      "module": "module.eks",
      "mode": "managed",
      "type": "aws_iam_role_policy_attachment",
      "name": "eks_container_registry_policy",
      "provider": "provider[\"registry.terraform.io/hashicorp/aws\"]",
      "instances": [
        {
          "schema_version": 0,
          "attributes": {
            "id": "aws-gitops-pipeline-dev-eks-node-group-role-20251107103406546300000006",
            "policy_arn": "arn:aws:iam::aws:policy/AmazonEC2ContainerRegistryReadOnly",
            "role": "aws-gitops-pipeline-dev-eks-node-group-role"
          },
          "sensitive_attributes": [],
          "identity_schema_version": 0,
          "private": "bnVsbA==",
          "dependencies": [
            "module.eks.aws_iam_role.eks_node_group",
            "module.vpc.aws_eip.nat",
            "module.vpc.aws_internet_gateway.main",
            "module.vpc.aws_nat_gateway.main",
            "module.vpc.aws_route_table.private",
            "module.vpc.aws_route_table.public",
            "module.vpc.aws_route_table_association.private",
            "module.vpc.aws_route_table_association.public",
            "module.vpc.aws_subnet.private",
            "module.vpc.aws_subnet.public",
            "module.vpc.aws_vpc.main"
          ]
        }
      ]
    },
    {
      "module": "module.eks",
      "mode": "managed",
      "type": "aws_iam_role_policy_attachment",
      "name": "eks_vpc_resource_controller",
      "provider": "provider[\"registry.terraform.io/hashicorp/aws\"]",
      "instances": [
        {
          "schema_version": 0,
          "attributes": {
            "id": "aws-gitops-pipeline-dev-eks-cluster-role-20251107103406418300000005",
            "policy_arn": "arn:aws:iam::aws:policy/AmazonEKSVPCResourceController",
            "role": "aws-gitops-pipeline-dev-eks-cluster-role"
          },
          "sensitive_attributes": [],
          "identity_schema_version": 0,
          "private": "bnVsbA==",
          "dependencies": [
            "module.eks.aws_iam_role.eks_cluster",
            "module.vpc.aws_eip.nat",
            "module.vpc.aws_internet_gateway.main",
            "module.vpc.aws_nat_gateway.main",
            "module.vpc.aws_route_table.private",
            "module.vpc.aws_route_table.public",
            "module.vpc.aws_route_table_association.private",
            "module.vpc.aws_route_table_association.public",
            "module.vpc.aws_subnet.private",
            "module.vpc.aws_subnet.public",
            "module.vpc.aws_vpc.main"
          ]
        }
      ]
    },
    {
      "module": "module.eks",
      "mode": "managed",
      "type": "aws_iam_role_policy_attachment",
      "name": "eks_worker_node_policy",
      "provider": "provider[\"registry.terraform.io/hashicorp/aws\"]",
      "instances": [
        {
          "schema_version": 0,
          "attributes": {
            "id": "aws-gitops-pipeline-dev-eks-node-group-role-20251107103406681600000007",
            "policy_arn": "arn:aws:iam::aws:policy/AmazonEKSWorkerNodePolicy",
            "role": "aws-gitops-pipeline-dev-eks-node-group-role"
          },
          "sensitive_attributes": [],
          "identity_schema_version": 0,
          "private": "bnVsbA==",
          "dependencies": [
            "module.eks.aws_iam_role.eks_node_group",
            "module.vpc.aws_eip.nat",
            "module.vpc.aws_internet_gateway.main",
            "module.vpc.aws_nat_gateway.main",
            "module.vpc.aws_route_table.private",
            "module.vpc.aws_route_table.public",
            "module.vpc.aws_route_table_association.private",
            "module.vpc.aws_route_table_association.public",
            "module.vpc.aws_subnet.private",
            "module.vpc.aws_subnet.public",
            "module.vpc.aws_vpc.main"
          ]
        }
      ]
    },
    {
      "module": "module.elasticache",
      "mode": "managed",
      "type": "aws_elasticache_cluster",
      "name": "redis",
      "provider": "provider[\"registry.terraform.io/hashicorp/aws\"]",
      "instances": [
        {
          "schema_version": 0,
          "attributes": {
            "apply_immediately": null,
            "arn": "arn:aws:elasticache:us-east-1:287043460305:cluster:gitops-redis",
            "auto_minor_version_upgrade": "true",
            "availability_zone": "us-east-1b",
            "az_mode": "single-az",
            "cache_nodes": [
              {
                "address": "gitops-redis.esvaw6.0001.use1.cache.amazonaws.com",
                "availability_zone": "us-east-1b",
                "id": "0001",
                "outpost_arn": "",
                "port": 6379
              }
            ],
            "cluster_address": null,
            "cluster_id": "gitops-redis",
            "configuration_endpoint": null,
            "engine": "redis",
            "engine_version": "7.0",
            "engine_version_actual": "7.0.7",
            "final_snapshot_identifier": null,
            "id": "gitops-redis",
            "ip_discovery": "ipv4",
            "log_delivery_configuration": [],
            "maintenance_window": "fri:04:00-fri:05:00",
            "network_type": "ipv4",
            "node_type": "cache.t3.micro",
            "notification_topic_arn": null,
            "num_cache_nodes": 1,
            "outpost_mode": null,
            "parameter_group_name": "default.redis7",
            "port": 6379,
            "preferred_availability_zones": null,
            "preferred_outpost_arn": "",
            "replication_group_id": "",
            "security_group_ids": [
              "sg-07065690b22cb4507"
            ],
            "snapshot_arns": null,
            "snapshot_name": null,
            "snapshot_retention_limit": 0,
            "snapshot_window": "03:00-04:00",
            "subnet_group_name": "aws-gitops-pipeline-dev-cache-subnet-group",
            "tags": {
              "Name": "aws-gitops-pipeline-dev-redis"
            },
            "tags_all": {
              "Environment": "dev",
              "ManagedBy": "terraform",
              "Name": "aws-gitops-pipeline-dev-redis",
              "Project": "aws-gitops-pipeline"
            },
            "timeouts": null,
            "transit_encryption_enabled": false
          },
          "sensitive_attributes": [],
          "identity_schema_version": 0,
          "private": "eyJlMmJmYjczMC1lY2FhLTExZTYtOGY4OC0zNDM2M2JjN2M0YzAiOnsiY3JlYXRlIjoyNDAwMDAwMDAwMDAwLCJkZWxldGUiOjI0MDAwMDAwMDAwMDAsInVwZGF0ZSI6NDgwMDAwMDAwMDAwMH19",
          "dependencies": [
            "module.eks.aws_eks_addon.ebs_csi_driver",
            "module.eks.aws_eks_cluster.main",
            "module.eks.aws_eks_node_group.main",
            "module.eks.aws_iam_openid_connect_provider.eks",
            "module.eks.aws_iam_policy.ebs_csi_driver",
            "module.eks.aws_iam_role.ebs_csi_driver",
            "module.eks.aws_iam_role.eks_cluster",
            "module.eks.aws_iam_role.eks_node_group",
            "module.eks.aws_iam_role_policy_attachment.ebs_csi_driver",
            "module.eks.aws_iam_role_policy_attachment.eks_cluster_policy",
            "module.eks.aws_iam_role_policy_attachment.eks_cni_policy",
            "module.eks.aws_iam_role_policy_attachment.eks_container_registry_policy",
            "module.eks.aws_iam_role_policy_attachment.eks_vpc_resource_controller",
            "module.eks.aws_iam_role_policy_attachment.eks_worker_node_policy",
            "module.eks.data.tls_certificate.eks",
            "module.elasticache.aws_elasticache_subnet_group.main",
            "module.elasticache.aws_security_group.redis",
            "module.vpc.aws_eip.nat",
            "module.vpc.aws_internet_gateway.main",
            "module.vpc.aws_nat_gateway.main",
            "module.vpc.aws_route_table.private",
            "module.vpc.aws_route_table.public",
            "module.vpc.aws_route_table_association.private",
            "module.vpc.aws_route_table_association.public",
            "module.vpc.aws_subnet.private",
            "module.vpc.aws_subnet.public",
            "module.vpc.aws_vpc.main"
          ]
        }
      ]
    },
    {
      "module": "module.elasticache",
      "mode": "managed",
      "type": "aws_elasticache_subnet_group",
      "name": "main",
      "provider": "provider[\"registry.terraform.io/hashicorp/aws\"]",
      "instances": [
        {
          "schema_version": 0,
          "attributes": {
            "arn": "arn:aws:elasticache:us-east-1:287043460305:subnetgroup:aws-gitops-pipeline-dev-cache-subnet-group",
            "description": "Managed by Terraform",
            "id": "aws-gitops-pipeline-dev-cache-subnet-group",
            "name": "aws-gitops-pipeline-dev-cache-subnet-group",
            "subnet_ids": [
              "subnet-01aebe1e468fff599",
              "subnet-06fb0d85c39df0ea0",
              "subnet-07b4b2443cccb6e52"
            ],
            "tags": {
              "Name": "aws-gitops-pipeline-dev-cache-subnet-group"
            },
            "tags_all": {
              "Environment": "dev",
              "ManagedBy": "terraform",
              "Name": "aws-gitops-pipeline-dev-cache-subnet-group",
              "Project": "aws-gitops-pipeline"
            },
            "vpc_id": "vpc-088ff4f0769867298"
          },
          "sensitive_attributes": [],
          "identity_schema_version": 0,
          "private": "bnVsbA==",
          "dependencies": [
            "module.eks.aws_eks_addon.ebs_csi_driver",
            "module.eks.aws_eks_cluster.main",
            "module.eks.aws_eks_node_group.main",
            "module.eks.aws_iam_openid_connect_provider.eks",
            "module.eks.aws_iam_policy.ebs_csi_driver",
            "module.eks.aws_iam_role.ebs_csi_driver",
            "module.eks.aws_iam_role.eks_cluster",
            "module.eks.aws_iam_role.eks_node_group",
            "module.eks.aws_iam_role_policy_attachment.ebs_csi_driver",
            "module.eks.aws_iam_role_policy_attachment.eks_cluster_policy",
            "module.eks.aws_iam_role_policy_attachment.eks_cni_policy",
            "module.eks.aws_iam_role_policy_attachment.eks_container_registry_policy",
            "module.eks.aws_iam_role_policy_attachment.eks_vpc_resource_controller",
            "module.eks.aws_iam_role_policy_attachment.eks_worker_node_policy",
            "module.eks.data.tls_certificate.eks",
            "module.vpc.aws_eip.nat",
            "module.vpc.aws_internet_gateway.main",
            "module.vpc.aws_nat_gateway.main",
            "module.vpc.aws_route_table.private",
            "module.vpc.aws_route_table.public",
            "module.vpc.aws_route_table_association.private",
            "module.vpc.aws_route_table_association.public",
            "module.vpc.aws_subnet.private",
            "module.vpc.aws_subnet.public",
            "module.vpc.aws_vpc.main"
          ]
        }
      ]
    },
    {
      "module": "module.elasticache",
      "mode": "managed",
      "type": "aws_secretsmanager_secret",
      "name": "redis",
      "provider": "provider[\"registry.terraform.io/hashicorp/aws\"]",
      "instances": [
        {
          "schema_version": 0,
          "attributes": {
            "arn": "arn:aws:secretsmanager:us-east-1:287043460305:secret:aws-gitops-pipeline-dev-redis-credentials-HAWPvS",
            "description": "ElastiCache Redis credentials for aws-gitops-pipeline",
            "force_overwrite_replica_secret": false,
            "id": "arn:aws:secretsmanager:us-east-1:287043460305:secret:aws-gitops-pipeline-dev-redis-credentials-HAWPvS",
            "kms_key_id": "",
            "name": "aws-gitops-pipeline-dev-redis-credentials",
            "name_prefix": "",
            "policy": "",
            "recovery_window_in_days": 30,
            "replica": [],
            "tags": {
              "Name": "aws-gitops-pipeline-dev-redis-credentials"
            },
            "tags_all": {
              "Environment": "dev",
              "ManagedBy": "terraform",
              "Name": "aws-gitops-pipeline-dev-redis-credentials",
              "Project": "aws-gitops-pipeline"
            }
          },
          "sensitive_attributes": [],
          "identity_schema_version": 0,
          "private": "bnVsbA==",
          "dependencies": [
            "module.eks.aws_eks_addon.ebs_csi_driver",
            "module.eks.aws_eks_cluster.main",
            "module.eks.aws_eks_node_group.main",
            "module.eks.aws_iam_openid_connect_provider.eks",
            "module.eks.aws_iam_policy.ebs_csi_driver",
            "module.eks.aws_iam_role.ebs_csi_driver",
            "module.eks.aws_iam_role.eks_cluster",
            "module.eks.aws_iam_role.eks_node_group",
            "module.eks.aws_iam_role_policy_attachment.ebs_csi_driver",
            "module.eks.aws_iam_role_policy_attachment.eks_cluster_policy",
            "module.eks.aws_iam_role_policy_attachment.eks_cni_policy",
            "module.eks.aws_iam_role_policy_attachment.eks_container_registry_policy",
            "module.eks.aws_iam_role_policy_attachment.eks_vpc_resource_controller",
            "module.eks.aws_iam_role_policy_attachment.eks_worker_node_policy",
            "module.eks.data.tls_certificate.eks",
            "module.vpc.aws_eip.nat",
            "module.vpc.aws_internet_gateway.main",
            "module.vpc.aws_nat_gateway.main",
            "module.vpc.aws_route_table.private",
            "module.vpc.aws_route_table.public",
            "module.vpc.aws_route_table_association.private",
            "module.vpc.aws_route_table_association.public",
            "module.vpc.aws_subnet.private",
            "module.vpc.aws_subnet.public",
            "module.vpc.aws_vpc.main"
          ]
        }
      ]
    },
    {
      "module": "module.elasticache",
      "mode": "managed",
      "type": "aws_secretsmanager_secret_version",
      "name": "redis",
      "provider": "provider[\"registry.terraform.io/hashicorp/aws\"]",
      "instances": [
        {
          "schema_version": 0,
          "attributes": {
            "arn": "arn:aws:secretsmanager:us-east-1:287043460305:secret:aws-gitops-pipeline-dev-redis-credentials-HAWPvS",
            "has_secret_string_wo": null,
            "id": "arn:aws:secretsmanager:us-east-1:287043460305:secret:aws-gitops-pipeline-dev-redis-credentials-HAWPvS|terraform-20251107110943164500000004",
            "secret_binary": "",
            "secret_id": "arn:aws:secretsmanager:us-east-1:287043460305:secret:aws-gitops-pipeline-dev-redis-credentials-HAWPvS",
            "secret_string": "{\"host\":\"gitops-redis.esvaw6.0001.use1.cache.amazonaws.com\",\"port\":6379}",
            "secret_string_wo": null,
            "secret_string_wo_version": null,
            "version_id": "terraform-20251107110943164500000004",
            "version_stages": [
              "AWSCURRENT"
            ]
          },
          "sensitive_attributes": [
            [
              {
                "type": "get_attr",
                "value": "secret_binary"
              }
            ],
            [
              {
                "type": "get_attr",
                "value": "secret_string"
              }
            ],
            [
              {
                "type": "get_attr",
                "value": "secret_string_wo"
              }
            ]
          ],
          "identity_schema_version": 0,
          "private": "bnVsbA==",
          "dependencies": [
            "module.eks.aws_eks_addon.ebs_csi_driver",
            "module.eks.aws_eks_cluster.main",
            "module.eks.aws_eks_node_group.main",
            "module.eks.aws_iam_openid_connect_provider.eks",
            "module.eks.aws_iam_policy.ebs_csi_driver",
            "module.eks.aws_iam_role.ebs_csi_driver",
            "module.eks.aws_iam_role.eks_cluster",
            "module.eks.aws_iam_role.eks_node_group",
            "module.eks.aws_iam_role_policy_attachment.ebs_csi_driver",
            "module.eks.aws_iam_role_policy_attachment.eks_cluster_policy",
            "module.eks.aws_iam_role_policy_attachment.eks_cni_policy",
            "module.eks.aws_iam_role_policy_attachment.eks_container_registry_policy",
            "module.eks.aws_iam_role_policy_attachment.eks_vpc_resource_controller",
            "module.eks.aws_iam_role_policy_attachment.eks_worker_node_policy",
            "module.eks.data.tls_certificate.eks",
            "module.elasticache.aws_elasticache_cluster.redis",
            "module.elasticache.aws_elasticache_subnet_group.main",
            "module.elasticache.aws_secretsmanager_secret.redis",
            "module.elasticache.aws_security_group.redis",
            "module.vpc.aws_eip.nat",
            "module.vpc.aws_internet_gateway.main",
            "module.vpc.aws_nat_gateway.main",
            "module.vpc.aws_route_table.private",
            "module.vpc.aws_route_table.public",
            "module.vpc.aws_route_table_association.private",
            "module.vpc.aws_route_table_association.public",
            "module.vpc.aws_subnet.private",
            "module.vpc.aws_subnet.public",
            "module.vpc.aws_vpc.main"
          ]
        }
      ]
    },
    {
      "module": "module.elasticache",
      "mode": "managed",
      "type": "aws_security_group",
      "name": "redis",
      "provider": "provider[\"registry.terraform.io/hashicorp/aws\"]",
      "instances": [
        {
          "schema_version": 1,
          "attributes": {
            "arn": "arn:aws:ec2:us-east-1:287043460305:security-group/sg-07065690b22cb4507",
            "description": "Security group for ElastiCache Redis cluster",
            "egress": [
              {
                "cidr_blocks": [
                  "0.0.0.0/0"
                ],
                "description": "Allow all outbound traffic",
                "from_port": 0,
                "ipv6_cidr_blocks": [],
                "prefix_list_ids": [],
                "protocol": "-1",
                "security_groups": [],
                "self": false,
                "to_port": 0
              }
            ],
            "id": "sg-07065690b22cb4507",
            "ingress": [
              {
                "cidr_blocks": [],
                "description": "Redis from EKS nodes",
                "from_port": 6379,
                "ipv6_cidr_blocks": [],
                "prefix_list_ids": [],
                "protocol": "tcp",
                "security_groups": [
                  "sg-00762931d0e17a60f"
                ],
                "self": false,
                "to_port": 6379
              }
            ],
            "name": "aws-gitops-pipeline-dev-redis-sg",
            "name_prefix": "",
            "owner_id": "287043460305",
            "revoke_rules_on_delete": false,
            "tags": {
              "Name": "aws-gitops-pipeline-dev-redis-sg"
            },
            "tags_all": {
              "Environment": "dev",
              "ManagedBy": "terraform",
              "Name": "aws-gitops-pipeline-dev-redis-sg",
              "Project": "aws-gitops-pipeline"
            },
            "timeouts": null,
            "vpc_id": "vpc-088ff4f0769867298"
          },
          "sensitive_attributes": [],
          "identity_schema_version": 0,
          "private": "eyJlMmJmYjczMC1lY2FhLTExZTYtOGY4OC0zNDM2M2JjN2M0YzAiOnsiY3JlYXRlIjo2MDAwMDAwMDAwMDAsImRlbGV0ZSI6OTAwMDAwMDAwMDAwfSwic2NoZW1hX3ZlcnNpb24iOiIxIn0=",
          "dependencies": [
            "module.eks.aws_eks_addon.ebs_csi_driver",
            "module.eks.aws_eks_cluster.main",
            "module.eks.aws_eks_node_group.main",
            "module.eks.aws_iam_openid_connect_provider.eks",
            "module.eks.aws_iam_policy.ebs_csi_driver",
            "module.eks.aws_iam_role.ebs_csi_driver",
            "module.eks.aws_iam_role.eks_cluster",
            "module.eks.aws_iam_role.eks_node_group",
            "module.eks.aws_iam_role_policy_attachment.ebs_csi_driver",
            "module.eks.aws_iam_role_policy_attachment.eks_cluster_policy",
            "module.eks.aws_iam_role_policy_attachment.eks_cni_policy",
            "module.eks.aws_iam_role_policy_attachment.eks_container_registry_policy",
            "module.eks.aws_iam_role_policy_attachment.eks_vpc_resource_controller",
            "module.eks.aws_iam_role_policy_attachment.eks_worker_node_policy",
            "module.eks.data.tls_certificate.eks",
            "module.vpc.aws_eip.nat",
            "module.vpc.aws_internet_gateway.main",
            "module.vpc.aws_nat_gateway.main",
            "module.vpc.aws_route_table.private",
            "module.vpc.aws_route_table.public",
            "module.vpc.aws_route_table_association.private",
            "module.vpc.aws_route_table_association.public",
            "module.vpc.aws_subnet.private",
            "module.vpc.aws_subnet.public",
            "module.vpc.aws_vpc.main"
          ]
        }
      ]
    },
    {
      "module": "module.jenkins",
      "mode": "data",
      "type": "aws_caller_identity",
      "name": "current",
      "provider": "provider[\"registry.terraform.io/hashicorp/aws\"]",
      "instances": [
        {
          "schema_version": 0,
          "attributes": {
            "account_id": "287043460305",
            "arn": "arn:aws:iam::287043460305:user/iti-terraform",
            "id": "287043460305",
            "user_id": "AIDAUFVI7TTIVIOQ3WI2V"
          },
          "sensitive_attributes": [],
          "identity_schema_version": 0
        }
      ]
    },
    {
      "module": "module.jenkins",
      "mode": "data",
      "type": "aws_eks_cluster",
      "name": "cluster",
      "provider": "provider[\"registry.terraform.io/hashicorp/aws\"]",
      "instances": [
        {
          "schema_version": 0,
          "attributes": {
            "access_config": [
              {
                "authentication_mode": "CONFIG_MAP",
                "bootstrap_cluster_creator_admin_permissions": true
              }
            ],
            "arn": "arn:aws:eks:us-east-1:287043460305:cluster/gitops-eks-cluster",
            "certificate_authority": [
              {
                "data": "LS0tLS1CRUdJTiBDRVJUSUZJQ0FURS0tLS0tCk1JSURCVENDQWUyZ0F3SUJBZ0lJQ2pzTkVqV0RuaWd3RFFZSktvWklodmNOQVFFTEJRQXdGVEVUTUJFR0ExVUUKQXhNS2EzVmlaWEp1WlhSbGN6QWVGdzB5TlRFeE1EY3hNRE0xTWpkYUZ3MHpOVEV4TURVeE1EUXdNamRhTUJVeApFekFSQmdOVkJBTVRDbXQxWW1WeWJtVjBaWE13Z2dFaU1BMEdDU3FHU0liM0RRRUJBUVVBQTRJQkR3QXdnZ0VLCkFvSUJBUUM1eUdkcXpRZEQxMXdmTEZqbXhqV2tEZThZZUt2d25YazYzc1RvMjU2YUd6R05ySi9sL05HeGdUcTUKM2tkcUhrQXR6cVI4RHZZNlcxaTdUY2JacVhMV2N3MW1RbUhaRkNBcWxLMHcyakN4V25oUkxNV2h1NDIzRGwySAo0eWU3UnF3aGpoRDUwMGpySXlZUWJwN2JGamhVajZCOHpwcVhxT29yNUdQZXFWVEdrcStIVW1nV0poZzByRjBVCituSWRPSjIrWC9tS3VGQ2NUMGJPTkxKb0tPekxIL3prQ0dpTW4yRWF3Q0VHb1dPamNWVjRrUStFbTd1dTQwU3UKNUpjd2pKc3g3ZUdXWXJTWmZyK2YybGVyR2gwZkd5eUQ1N0xMQ3RKL0ZyWEhIaStERkhHNUNmYVFoUmVaT1g0NgpETjAyY0NlV0h3S29iWFZ5aUo0OHNBQ3pNeUJkQWdNQkFBR2pXVEJYTUE0R0ExVWREd0VCL3dRRUF3SUNwREFQCkJnTlZIUk1CQWY4RUJUQURBUUgvTUIwR0ExVWREZ1FXQkJUYjdvK0RCNEJ2VElvKy8vUG02b0xlb2NpczZUQVYKQmdOVkhSRUVEakFNZ2dwcmRXSmxjbTVsZEdWek1BMEdDU3FHU0liM0RRRUJDd1VBQTRJQkFRQ0RkSGExMk1LaQo3aXd3ZUJXMmdVUi95dzFBYW9PTVlOQnNPRGZlSjNOVHFTcXp4QkpPcWFwb0NVVGxxWjM1MEVNdzJZb3dWVUZ2CkhObG1aU21XaVdlbTY3Y0xQd0VkclZHaE5zdGFJNWxUUHJwSi81VnhBTUoxQVlaWDVDV2lUQjI2aW9PM014TlYKdG5XVVJsZEdRMit5Z1VLQUp4MnNqalpLZndRcnpuZWVOd1VSUjgremJrUnlLcTVaaTRLVzNjRmR3VTdmRHlpWgoybDVJdEFHeC9rcjZ1azlDNWUvSis1Uzg1cGRnTEdqS3dselRjcFMvNUdVNjFKZzMrMGlleUcySENGSFVBUEFSClduSTNNVEFLRHM4elRST1pHOXR3dWV1amhUeUhSR2laR0ZBMVpjcEJHcHQxcXlqemUreUgzTUt4dmZYYzVpaEUKTlZaWmRCa29QYWhICi0tLS0tRU5EIENFUlRJRklDQVRFLS0tLS0K"
              }
            ],
            "cluster_id": null,
            "compute_config": [],
            "created_at": "2025-11-07T10:34:10Z",
            "enabled_cluster_log_types": [
              "api",
              "audit",
              "authenticator",
              "controllerManager",
              "scheduler"
            ],
            "endpoint": "https://A1D63D97227F9A81331D8379F0437C44.gr7.us-east-1.eks.amazonaws.com",
            "id": "gitops-eks-cluster",
            "identity": [
              {
                "oidc": [
                  {
                    "issuer": "https://oidc.eks.us-east-1.amazonaws.com/id/A1D63D97227F9A81331D8379F0437C44"
                  }
                ]
              }
            ],
            "kubernetes_network_config": [
              {
                "elastic_load_balancing": [
                  {
                    "enabled": false
                  }
                ],
                "ip_family": "ipv4",
                "service_ipv4_cidr": "172.20.0.0/16",
                "service_ipv6_cidr": ""
              }
            ],
            "name": "gitops-eks-cluster",
            "outpost_config": [],
            "platform_version": "eks.61",
            "remote_network_config": [],
            "role_arn": "arn:aws:iam::287043460305:role/aws-gitops-pipeline-dev-eks-cluster-role",
            "status": "ACTIVE",
            "storage_config": [],
            "tags": {
              "Environment": "dev",
              "ManagedBy": "terraform",
              "Name": "aws-gitops-pipeline-dev-eks-cluster",
              "Project": "aws-gitops-pipeline"
            },
            "upgrade_policy": [
              {
                "support_type": "EXTENDED"
              }
            ],
            "version": "1.28",
            "vpc_config": [
              {
                "cluster_security_group_id": "sg-00762931d0e17a60f",
                "endpoint_private_access": true,
                "endpoint_public_access": true,
                "public_access_cidrs": [
                  "0.0.0.0/0"
                ],
                "security_group_ids": [],
                "subnet_ids": [
                  "subnet-01aebe1e468fff599",
                  "subnet-06fb0d85c39df0ea0",
                  "subnet-07b4b2443cccb6e52"
                ],
                "vpc_id": "vpc-088ff4f0769867298"
              }
            ],
            "zonal_shift_config": []
          },
          "sensitive_attributes": [],
          "identity_schema_version": 0
        }
      ]
    },
    {
      "module": "module.jenkins",
      "mode": "managed",
      "type": "aws_iam_policy",
      "name": "jenkins_ecr",
      "provider": "provider[\"registry.terraform.io/hashicorp/aws\"]",
      "instances": [
        {
          "schema_version": 0,
          "attributes": {
            "arn": "arn:aws:iam::287043460305:policy/aws-gitops-pipeline-dev-jenkins-ecr-policy",
            "attachment_count": 1,
            "description": "Policy for Jenkins to access ECR",
            "id": "arn:aws:iam::287043460305:policy/aws-gitops-pipeline-dev-jenkins-ecr-policy",
            "name": "aws-gitops-pipeline-dev-jenkins-ecr-policy",
            "name_prefix": "",
            "path": "/",
            "policy": "{\"Statement\":[{\"Action\":[\"ecr:GetAuthorizationToken\"],\"Effect\":\"Allow\",\"Resource\":\"*\"},{\"Action\":[\"ecr:BatchCheckLayerAvailability\",\"ecr:GetDownloadUrlForLayer\",\"ecr:BatchGetImage\",\"ecr:PutImage\",\"ecr:InitiateLayerUpload\",\"ecr:UploadLayerPart\",\"ecr:CompleteLayerUpload\"],\"Effect\":\"Allow\",\"Resource\":\"arn:aws:ecr:us-east-1:287043460305:repository/nodejs-app\"}],\"Version\":\"2012-10-17\"}",
            "policy_id": "ANPAUFVI7TTISWN5Z4ERB",
            "tags": {
              "Name": "aws-gitops-pipeline-dev-jenkins-ecr-policy"
            },
            "tags_all": {
              "Environment": "dev",
              "ManagedBy": "terraform",
              "Name": "aws-gitops-pipeline-dev-jenkins-ecr-policy",
              "Project": "aws-gitops-pipeline"
            }
          },
          "sensitive_attributes": [],
          "identity_schema_version": 0,
          "private": "bnVsbA==",
          "dependencies": [
            "module.ecr.aws_ecr_lifecycle_policy.main",
            "module.ecr.aws_ecr_repository.main",
            "module.eks.aws_eks_addon.ebs_csi_driver",
            "module.eks.aws_eks_cluster.main",
            "module.eks.aws_eks_node_group.main",
            "module.eks.aws_iam_openid_connect_provider.eks",
            "module.eks.aws_iam_policy.ebs_csi_driver",
            "module.eks.aws_iam_role.ebs_csi_driver",
            "module.eks.aws_iam_role.eks_cluster",
            "module.eks.aws_iam_role.eks_node_group",
            "module.eks.aws_iam_role_policy_attachment.ebs_csi_driver",
            "module.eks.aws_iam_role_policy_attachment.eks_cluster_policy",
            "module.eks.aws_iam_role_policy_attachment.eks_cni_policy",
            "module.eks.aws_iam_role_policy_attachment.eks_container_registry_policy",
            "module.eks.aws_iam_role_policy_attachment.eks_vpc_resource_controller",
            "module.eks.aws_iam_role_policy_attachment.eks_worker_node_policy",
            "module.eks.data.tls_certificate.eks",
            "module.vpc.aws_eip.nat",
            "module.vpc.aws_internet_gateway.main",
            "module.vpc.aws_nat_gateway.main",
            "module.vpc.aws_route_table.private",
            "module.vpc.aws_route_table.public",
            "module.vpc.aws_route_table_association.private",
            "module.vpc.aws_route_table_association.public",
            "module.vpc.aws_subnet.private",
            "module.vpc.aws_subnet.public",
            "module.vpc.aws_vpc.main"
          ]
        }
      ]
    },
    {
      "module": "module.jenkins",
      "mode": "managed",
      "type": "aws_iam_role",
      "name": "jenkins",
      "provider": "provider[\"registry.terraform.io/hashicorp/aws\"]",
      "instances": [
        {
          "schema_version": 0,
          "attributes": {
            "arn": "arn:aws:iam::287043460305:role/aws-gitops-pipeline-dev-jenkins-role",
            "assume_role_policy": "{\"Statement\":[{\"Action\":\"sts:AssumeRoleWithWebIdentity\",\"Condition\":{\"StringEquals\":{\"oidc.eks.us-east-1.amazonaws.com/id/A1D63D97227F9A81331D8379F0437C44:aud\":\"sts.amazonaws.com\",\"oidc.eks.us-east-1.amazonaws.com/id/A1D63D97227F9A81331D8379F0437C44:sub\":\"system:serviceaccount:jenkins:jenkins\"}},\"Effect\":\"Allow\",\"Principal\":{\"Federated\":\"arn:aws:iam::287043460305:oidc-provider/oidc.eks.us-east-1.amazonaws.com/id/A1D63D97227F9A81331D8379F0437C44\"}}],\"Version\":\"2012-10-17\"}",
            "create_date": "2025-11-07T10:47:01Z",
            "description": "",
            "force_detach_policies": false,
            "id": "aws-gitops-pipeline-dev-jenkins-role",
            "inline_policy": [],
            "managed_policy_arns": [
              "arn:aws:iam::287043460305:policy/aws-gitops-pipeline-dev-jenkins-ecr-policy"
            ],
            "max_session_duration": 3600,
            "name": "aws-gitops-pipeline-dev-jenkins-role",
            "name_prefix": "",
            "path": "/",
            "permissions_boundary": "",
            "tags": {
              "Name": "aws-gitops-pipeline-dev-jenkins-role"
            },
            "tags_all": {
              "Environment": "dev",
              "ManagedBy": "terraform",
              "Name": "aws-gitops-pipeline-dev-jenkins-role",
              "Project": "aws-gitops-pipeline"
            },
            "unique_id": "AROAUFVI7TTITZZ3PVQVB"
          },
          "sensitive_attributes": [],
          "identity_schema_version": 0,
          "private": "bnVsbA==",
          "dependencies": [
            "module.ecr.aws_ecr_lifecycle_policy.main",
            "module.ecr.aws_ecr_repository.main",
            "module.eks.aws_eks_addon.ebs_csi_driver",
            "module.eks.aws_eks_cluster.main",
            "module.eks.aws_eks_node_group.main",
            "module.eks.aws_iam_openid_connect_provider.eks",
            "module.eks.aws_iam_policy.ebs_csi_driver",
            "module.eks.aws_iam_role.ebs_csi_driver",
            "module.eks.aws_iam_role.eks_cluster",
            "module.eks.aws_iam_role.eks_node_group",
            "module.eks.aws_iam_role_policy_attachment.ebs_csi_driver",
            "module.eks.aws_iam_role_policy_attachment.eks_cluster_policy",
            "module.eks.aws_iam_role_policy_attachment.eks_cni_policy",
            "module.eks.aws_iam_role_policy_attachment.eks_container_registry_policy",
            "module.eks.aws_iam_role_policy_attachment.eks_vpc_resource_controller",
            "module.eks.aws_iam_role_policy_attachment.eks_worker_node_policy",
            "module.eks.data.tls_certificate.eks",
            "module.vpc.aws_eip.nat",
            "module.vpc.aws_internet_gateway.main",
            "module.vpc.aws_nat_gateway.main",
            "module.vpc.aws_route_table.private",
            "module.vpc.aws_route_table.public",
            "module.vpc.aws_route_table_association.private",
            "module.vpc.aws_route_table_association.public",
            "module.vpc.aws_subnet.private",
            "module.vpc.aws_subnet.public",
            "module.vpc.aws_vpc.main"
          ]
        }
      ]
    },
    {
      "module": "module.jenkins",
      "mode": "managed",
      "type": "aws_iam_role_policy_attachment",
      "name": "jenkins_ecr",
      "provider": "provider[\"registry.terraform.io/hashicorp/aws\"]",
      "instances": [
        {
          "schema_version": 0,
          "attributes": {
            "id": "aws-gitops-pipeline-dev-jenkins-role-2025110710470282110000000e",
            "policy_arn": "arn:aws:iam::287043460305:policy/aws-gitops-pipeline-dev-jenkins-ecr-policy",
            "role": "aws-gitops-pipeline-dev-jenkins-role"
          },
          "sensitive_attributes": [],
          "identity_schema_version": 0,
          "private": "bnVsbA==",
          "dependencies": [
            "module.ecr.aws_ecr_lifecycle_policy.main",
            "module.ecr.aws_ecr_repository.main",
            "module.eks.aws_eks_addon.ebs_csi_driver",
            "module.eks.aws_eks_cluster.main",
            "module.eks.aws_eks_node_group.main",
            "module.eks.aws_iam_openid_connect_provider.eks",
            "module.eks.aws_iam_policy.ebs_csi_driver",
            "module.eks.aws_iam_role.ebs_csi_driver",
            "module.eks.aws_iam_role.eks_cluster",
            "module.eks.aws_iam_role.eks_node_group",
            "module.eks.aws_iam_role_policy_attachment.ebs_csi_driver",
            "module.eks.aws_iam_role_policy_attachment.eks_cluster_policy",
            "module.eks.aws_iam_role_policy_attachment.eks_cni_policy",
            "module.eks.aws_iam_role_policy_attachment.eks_container_registry_policy",
            "module.eks.aws_iam_role_policy_attachment.eks_vpc_resource_controller",
            "module.eks.aws_iam_role_policy_attachment.eks_worker_node_policy",
            "module.eks.data.tls_certificate.eks",
            "module.jenkins.aws_iam_policy.jenkins_ecr",
            "module.jenkins.aws_iam_role.jenkins",
            "module.vpc.aws_eip.nat",
            "module.vpc.aws_internet_gateway.main",
            "module.vpc.aws_nat_gateway.main",
            "module.vpc.aws_route_table.private",
            "module.vpc.aws_route_table.public",
            "module.vpc.aws_route_table_association.private",
            "module.vpc.aws_route_table_association.public",
            "module.vpc.aws_subnet.private",
            "module.vpc.aws_subnet.public",
            "module.vpc.aws_vpc.main"
          ]
        }
      ]
    },
    {
      "module": "module.jenkins",
      "mode": "managed",
      "type": "kubernetes_namespace",
      "name": "jenkins",
      "provider": "provider[\"registry.terraform.io/hashicorp/kubernetes\"]",
      "instances": [
        {
          "schema_version": 0,
          "attributes": {
            "id": "jenkins",
            "metadata": [
              {
                "annotations": {},
                "generate_name": "",
                "generation": 0,
                "labels": {
                  "name": "jenkins"
                },
                "name": "jenkins",
                "resource_version": "1592",
                "uid": "5a7fb62b-7653-4f8e-97b2-b1247c4f3109"
              }
            ],
            "timeouts": null,
            "wait_for_default_service_account": false
          },
          "sensitive_attributes": [],
          "identity_schema_version": 1,
          "identity": {
            "api_version": "v1",
            "kind": "Namespace",
            "name": "jenkins"
          },
          "private": "eyJlMmJmYjczMC1lY2FhLTExZTYtOGY4OC0zNDM2M2JjN2M0YzAiOnsiZGVsZXRlIjozMDAwMDAwMDAwMDB9fQ==",
          "dependencies": [
            "module.ecr.aws_ecr_lifecycle_policy.main",
            "module.ecr.aws_ecr_repository.main",
            "module.eks.aws_eks_addon.ebs_csi_driver",
            "module.eks.aws_eks_cluster.main",
            "module.eks.aws_eks_node_group.main",
            "module.eks.aws_iam_openid_connect_provider.eks",
            "module.eks.aws_iam_policy.ebs_csi_driver",
            "module.eks.aws_iam_role.ebs_csi_driver",
            "module.eks.aws_iam_role.eks_cluster",
            "module.eks.aws_iam_role.eks_node_group",
            "module.eks.aws_iam_role_policy_attachment.ebs_csi_driver",
            "module.eks.aws_iam_role_policy_attachment.eks_cluster_policy",
            "module.eks.aws_iam_role_policy_attachment.eks_cni_policy",
            "module.eks.aws_iam_role_policy_attachment.eks_container_registry_policy",
            "module.eks.aws_iam_role_policy_attachment.eks_vpc_resource_controller",
            "module.eks.aws_iam_role_policy_attachment.eks_worker_node_policy",
            "module.eks.data.tls_certificate.eks",
            "module.vpc.aws_eip.nat",
            "module.vpc.aws_internet_gateway.main",
            "module.vpc.aws_nat_gateway.main",
            "module.vpc.aws_route_table.private",
            "module.vpc.aws_route_table.public",
            "module.vpc.aws_route_table_association.private",
            "module.vpc.aws_route_table_association.public",
            "module.vpc.aws_subnet.private",
            "module.vpc.aws_subnet.public",
            "module.vpc.aws_vpc.main"
          ]
        }
      ]
    },
    {
      "module": "module.jenkins",
      "mode": "managed",
      "type": "kubernetes_service_account",
      "name": "jenkins",
      "provider": "provider[\"registry.terraform.io/hashicorp/kubernetes\"]",
      "instances": [
        {
          "schema_version": 0,
          "attributes": {
            "automount_service_account_token": true,
            "default_secret_name": "",
            "id": "jenkins/jenkins",
            "image_pull_secret": [],
            "metadata": [
              {
                "annotations": {
                  "eks.amazonaws.com/role-arn": "arn:aws:iam::287043460305:role/aws-gitops-pipeline-dev-jenkins-role"
                },
                "generate_name": "",
                "generation": 0,
                "labels": {},
                "name": "jenkins",
                "namespace": "jenkins",
                "resource_version": "1598",
                "uid": "06a740aa-6dd7-4f63-9db3-7607a53ba9c8"
              }
            ],
            "secret": [],
            "timeouts": null
          },
          "sensitive_attributes": [],
          "identity_schema_version": 1,
          "identity": {
            "api_version": "v1",
            "kind": "ServiceAccount",
            "name": "jenkins",
            "namespace": "jenkins"
          },
          "private": "eyJlMmJmYjczMC1lY2FhLTExZTYtOGY4OC0zNDM2M2JjN2M0YzAiOnsiY3JlYXRlIjozMDAwMDAwMDAwMH19",
          "dependencies": [
            "module.ecr.aws_ecr_lifecycle_policy.main",
            "module.ecr.aws_ecr_repository.main",
            "module.eks.aws_eks_addon.ebs_csi_driver",
            "module.eks.aws_eks_cluster.main",
            "module.eks.aws_eks_node_group.main",
            "module.eks.aws_iam_openid_connect_provider.eks",
            "module.eks.aws_iam_policy.ebs_csi_driver",
            "module.eks.aws_iam_role.ebs_csi_driver",
            "module.eks.aws_iam_role.eks_cluster",
            "module.eks.aws_iam_role.eks_node_group",
            "module.eks.aws_iam_role_policy_attachment.ebs_csi_driver",
            "module.eks.aws_iam_role_policy_attachment.eks_cluster_policy",
            "module.eks.aws_iam_role_policy_attachment.eks_cni_policy",
            "module.eks.aws_iam_role_policy_attachment.eks_container_registry_policy",
            "module.eks.aws_iam_role_policy_attachment.eks_vpc_resource_controller",
            "module.eks.aws_iam_role_policy_attachment.eks_worker_node_policy",
            "module.eks.data.tls_certificate.eks",
            "module.jenkins.aws_iam_role.jenkins",
            "module.jenkins.kubernetes_namespace.jenkins",
            "module.vpc.aws_eip.nat",
            "module.vpc.aws_internet_gateway.main",
            "module.vpc.aws_nat_gateway.main",
            "module.vpc.aws_route_table.private",
            "module.vpc.aws_route_table.public",
            "module.vpc.aws_route_table_association.private",
            "module.vpc.aws_route_table_association.public",
            "module.vpc.aws_subnet.private",
            "module.vpc.aws_subnet.public",
            "module.vpc.aws_vpc.main"
          ]
        }
      ]
    },
    {
      "module": "module.rds",
      "mode": "managed",
      "type": "aws_db_instance",
      "name": "main",
      "provider": "provider[\"registry.terraform.io/hashicorp/aws\"]",
      "instances": [
        {
          "schema_version": 2,
          "attributes": {
            "address": "aws-gitops-pipeline-dev-mysql.cyhqco046hhu.us-east-1.rds.amazonaws.com",
            "allocated_storage": 20,
            "allow_major_version_upgrade": null,
            "apply_immediately": false,
            "arn": "arn:aws:rds:us-east-1:287043460305:db:aws-gitops-pipeline-dev-mysql",
            "auto_minor_version_upgrade": true,
            "availability_zone": "us-east-1b",
            "backup_retention_period": 7,
            "backup_target": "region",
            "backup_window": "03:00-04:00",
            "blue_green_update": [],
            "ca_cert_identifier": "rds-ca-rsa2048-g1",
            "character_set_name": "",
            "copy_tags_to_snapshot": false,
            "custom_iam_instance_profile": "",
            "customer_owned_ip_enabled": false,
            "database_insights_mode": "standard",
            "db_name": "appdb",
            "db_subnet_group_name": "aws-gitops-pipeline-dev-db-subnet-group",
            "dedicated_log_volume": false,
            "delete_automated_backups": true,
            "deletion_protection": false,
            "domain": "",
            "domain_auth_secret_arn": "",
            "domain_dns_ips": [],
            "domain_fqdn": "",
            "domain_iam_role_name": "",
            "domain_ou": "",
            "enabled_cloudwatch_logs_exports": [],
            "endpoint": "aws-gitops-pipeline-dev-mysql.cyhqco046hhu.us-east-1.rds.amazonaws.com:3306",
            "engine": "mysql",
            "engine_lifecycle_support": "open-source-rds-extended-support",
            "engine_version": "8.0",
            "engine_version_actual": "8.0.42",
            "final_snapshot_identifier": null,
            "hosted_zone_id": "Z2R2ITUGPM61AM",
            "iam_database_authentication_enabled": false,
            "id": "db-SGGMA3Y2CKAVTEUAJZSJQWE4BU",
            "identifier": "aws-gitops-pipeline-dev-mysql",
            "identifier_prefix": "",
            "instance_class": "db.t3.micro",
            "iops": 0,
            "kms_key_id": "arn:aws:kms:us-east-1:287043460305:key/1b87495c-e43d-4142-b142-7edbead9ab6e",
            "latest_restorable_time": "2025-11-07T11:05:00Z",
            "license_model": "general-public-license",
            "listener_endpoint": [],
            "maintenance_window": "mon:04:00-mon:05:00",
            "manage_master_user_password": null,
            "master_user_secret": [],
            "master_user_secret_kms_key_id": null,
            "max_allocated_storage": 0,
            "monitoring_interval": 0,
            "monitoring_role_arn": "",
            "multi_az": true,
            "nchar_character_set_name": "",
            "network_type": "IPV4",
            "option_group_name": "default:mysql-8-0",
            "parameter_group_name": "default.mysql8.0",
            "password": "MySecurePassword123!",
            "password_wo": null,
            "password_wo_version": null,
            "performance_insights_enabled": false,
            "performance_insights_kms_key_id": "",
            "performance_insights_retention_period": 0,
            "port": 3306,
            "publicly_accessible": false,
            "replica_mode": "",
            "replicas": [],
            "replicate_source_db": "",
            "resource_id": "db-SGGMA3Y2CKAVTEUAJZSJQWE4BU",
            "restore_to_point_in_time": [],
            "s3_import": [],
            "skip_final_snapshot": true,
            "snapshot_identifier": null,
            "status": "available",
            "storage_encrypted": true,
            "storage_throughput": 0,
            "storage_type": "gp2",
            "tags": {
              "Name": "aws-gitops-pipeline-dev-mysql"
            },
            "tags_all": {
              "Environment": "dev",
              "ManagedBy": "terraform",
              "Name": "aws-gitops-pipeline-dev-mysql",
              "Project": "aws-gitops-pipeline"
            },
            "timeouts": null,
            "timezone": "",
            "upgrade_storage_config": null,
            "username": "admin",
            "vpc_security_group_ids": [
              "sg-0771bb3d2a1b9153c"
            ]
          },
          "sensitive_attributes": [
            [
              {
                "type": "get_attr",
                "value": "password"
              }
            ],
            [
              {
                "type": "get_attr",
                "value": "password_wo"
              }
            ]
          ],
          "identity_schema_version": 0,
          "private": "eyJlMmJmYjczMC1lY2FhLTExZTYtOGY4OC0zNDM2M2JjN2M0YzAiOnsiY3JlYXRlIjozMDAwMDAwMDAwMDAwLCJkZWxldGUiOjM2MDAwMDAwMDAwMDAsInVwZGF0ZSI6NDgwMDAwMDAwMDAwMH0sInNjaGVtYV92ZXJzaW9uIjoiMiJ9",
          "dependencies": [
            "module.eks.aws_eks_addon.ebs_csi_driver",
            "module.eks.aws_eks_cluster.main",
            "module.eks.aws_eks_node_group.main",
            "module.eks.aws_iam_openid_connect_provider.eks",
            "module.eks.aws_iam_policy.ebs_csi_driver",
            "module.eks.aws_iam_role.ebs_csi_driver",
            "module.eks.aws_iam_role.eks_cluster",
            "module.eks.aws_iam_role.eks_node_group",
            "module.eks.aws_iam_role_policy_attachment.ebs_csi_driver",
            "module.eks.aws_iam_role_policy_attachment.eks_cluster_policy",
            "module.eks.aws_iam_role_policy_attachment.eks_cni_policy",
            "module.eks.aws_iam_role_policy_attachment.eks_container_registry_policy",
            "module.eks.aws_iam_role_policy_attachment.eks_vpc_resource_controller",
            "module.eks.aws_iam_role_policy_attachment.eks_worker_node_policy",
            "module.eks.data.tls_certificate.eks",
            "module.rds.aws_db_subnet_group.main",
            "module.rds.aws_security_group.rds",
            "module.vpc.aws_eip.nat",
            "module.vpc.aws_internet_gateway.main",
            "module.vpc.aws_nat_gateway.main",
            "module.vpc.aws_route_table.private",
            "module.vpc.aws_route_table.public",
            "module.vpc.aws_route_table_association.private",
            "module.vpc.aws_route_table_association.public",
            "module.vpc.aws_subnet.private",
            "module.vpc.aws_subnet.public",
            "module.vpc.aws_vpc.main"
          ]
        }
      ]
    },
    {
      "module": "module.rds",
      "mode": "managed",
      "type": "aws_db_subnet_group",
      "name": "main",
      "provider": "provider[\"registry.terraform.io/hashicorp/aws\"]",
      "instances": [
        {
          "schema_version": 0,
          "attributes": {
            "arn": "arn:aws:rds:us-east-1:287043460305:subgrp:aws-gitops-pipeline-dev-db-subnet-group",
            "description": "Managed by Terraform",
            "id": "aws-gitops-pipeline-dev-db-subnet-group",
            "name": "aws-gitops-pipeline-dev-db-subnet-group",
            "name_prefix": "",
            "subnet_ids": [
              "subnet-01aebe1e468fff599",
              "subnet-06fb0d85c39df0ea0",
              "subnet-07b4b2443cccb6e52"
            ],
            "supported_network_types": [
              "IPV4"
            ],
            "tags": {
              "Name": "aws-gitops-pipeline-dev-db-subnet-group"
            },
            "tags_all": {
              "Environment": "dev",
              "ManagedBy": "terraform",
              "Name": "aws-gitops-pipeline-dev-db-subnet-group",
              "Project": "aws-gitops-pipeline"
            },
            "vpc_id": "vpc-088ff4f0769867298"
          },
          "sensitive_attributes": [],
          "identity_schema_version": 0,
          "private": "bnVsbA==",
          "dependencies": [
            "module.eks.aws_eks_addon.ebs_csi_driver",
            "module.eks.aws_eks_cluster.main",
            "module.eks.aws_eks_node_group.main",
            "module.eks.aws_iam_openid_connect_provider.eks",
            "module.eks.aws_iam_policy.ebs_csi_driver",
            "module.eks.aws_iam_role.ebs_csi_driver",
            "module.eks.aws_iam_role.eks_cluster",
            "module.eks.aws_iam_role.eks_node_group",
            "module.eks.aws_iam_role_policy_attachment.ebs_csi_driver",
            "module.eks.aws_iam_role_policy_attachment.eks_cluster_policy",
            "module.eks.aws_iam_role_policy_attachment.eks_cni_policy",
            "module.eks.aws_iam_role_policy_attachment.eks_container_registry_policy",
            "module.eks.aws_iam_role_policy_attachment.eks_vpc_resource_controller",
            "module.eks.aws_iam_role_policy_attachment.eks_worker_node_policy",
            "module.eks.data.tls_certificate.eks",
            "module.vpc.aws_eip.nat",
            "module.vpc.aws_internet_gateway.main",
            "module.vpc.aws_nat_gateway.main",
            "module.vpc.aws_route_table.private",
            "module.vpc.aws_route_table.public",
            "module.vpc.aws_route_table_association.private",
            "module.vpc.aws_route_table_association.public",
            "module.vpc.aws_subnet.private",
            "module.vpc.aws_subnet.public",
            "module.vpc.aws_vpc.main"
          ]
        }
      ]
    },
    {
      "module": "module.rds",
      "mode": "managed",
      "type": "aws_secretsmanager_secret",
      "name": "rds",
      "provider": "provider[\"registry.terraform.io/hashicorp/aws\"]",
      "instances": [
        {
          "schema_version": 0,
          "attributes": {
            "arn": "arn:aws:secretsmanager:us-east-1:287043460305:secret:aws-gitops-pipeline-dev-rds-credentials-m3LNG8",
            "description": "RDS MySQL credentials for aws-gitops-pipeline",
            "force_overwrite_replica_secret": false,
            "id": "arn:aws:secretsmanager:us-east-1:287043460305:secret:aws-gitops-pipeline-dev-rds-credentials-m3LNG8",
            "kms_key_id": "",
            "name": "aws-gitops-pipeline-dev-rds-credentials",
            "name_prefix": "",
            "policy": "",
            "recovery_window_in_days": 30,
            "replica": [],
            "tags": {
              "Name": "aws-gitops-pipeline-dev-rds-credentials"
            },
            "tags_all": {
              "Environment": "dev",
              "ManagedBy": "terraform",
              "Name": "aws-gitops-pipeline-dev-rds-credentials",
              "Project": "aws-gitops-pipeline"
            }
          },
          "sensitive_attributes": [],
          "identity_schema_version": 0,
          "private": "bnVsbA==",
          "dependencies": [
            "module.eks.aws_eks_addon.ebs_csi_driver",
            "module.eks.aws_eks_cluster.main",
            "module.eks.aws_eks_node_group.main",
            "module.eks.aws_iam_openid_connect_provider.eks",
            "module.eks.aws_iam_policy.ebs_csi_driver",
            "module.eks.aws_iam_role.ebs_csi_driver",
            "module.eks.aws_iam_role.eks_cluster",
            "module.eks.aws_iam_role.eks_node_group",
            "module.eks.aws_iam_role_policy_attachment.ebs_csi_driver",
            "module.eks.aws_iam_role_policy_attachment.eks_cluster_policy",
            "module.eks.aws_iam_role_policy_attachment.eks_cni_policy",
            "module.eks.aws_iam_role_policy_attachment.eks_container_registry_policy",
            "module.eks.aws_iam_role_policy_attachment.eks_vpc_resource_controller",
            "module.eks.aws_iam_role_policy_attachment.eks_worker_node_policy",
            "module.eks.data.tls_certificate.eks",
            "module.vpc.aws_eip.nat",
            "module.vpc.aws_internet_gateway.main",
            "module.vpc.aws_nat_gateway.main",
            "module.vpc.aws_route_table.private",
            "module.vpc.aws_route_table.public",
            "module.vpc.aws_route_table_association.private",
            "module.vpc.aws_route_table_association.public",
            "module.vpc.aws_subnet.private",
            "module.vpc.aws_subnet.public",
            "module.vpc.aws_vpc.main"
          ]
        }
      ]
    },
    {
      "module": "module.rds",
      "mode": "managed",
      "type": "aws_secretsmanager_secret_version",
      "name": "rds",
      "provider": "provider[\"registry.terraform.io/hashicorp/aws\"]",
      "instances": [
        {
          "schema_version": 0,
          "attributes": {
            "arn": "arn:aws:secretsmanager:us-east-1:287043460305:secret:aws-gitops-pipeline-dev-rds-credentials-m3LNG8",
            "has_secret_string_wo": null,
            "id": "arn:aws:secretsmanager:us-east-1:287043460305:secret:aws-gitops-pipeline-dev-rds-credentials-m3LNG8|terraform-20251107110943130700000003",
            "secret_binary": "",
            "secret_id": "arn:aws:secretsmanager:us-east-1:287043460305:secret:aws-gitops-pipeline-dev-rds-credentials-m3LNG8",
            "secret_string": "{\"dbname\":\"appdb\",\"host\":\"aws-gitops-pipeline-dev-mysql.cyhqco046hhu.us-east-1.rds.amazonaws.com\",\"password\":\"MySecurePassword123!\",\"port\":3306,\"username\":\"admin\"}",
            "secret_string_wo": null,
            "secret_string_wo_version": null,
            "version_id": "terraform-20251107110943130700000003",
            "version_stages": [
              "AWSCURRENT"
            ]
          },
          "sensitive_attributes": [
            [
              {
                "type": "get_attr",
                "value": "secret_binary"
              }
            ],
            [
              {
                "type": "get_attr",
                "value": "secret_string"
              }
            ],
            [
              {
                "type": "get_attr",
                "value": "secret_string_wo"
              }
            ]
          ],
          "identity_schema_version": 0,
          "private": "bnVsbA==",
          "dependencies": [
            "module.eks.aws_eks_addon.ebs_csi_driver",
            "module.eks.aws_eks_cluster.main",
            "module.eks.aws_eks_node_group.main",
            "module.eks.aws_iam_openid_connect_provider.eks",
            "module.eks.aws_iam_policy.ebs_csi_driver",
            "module.eks.aws_iam_role.ebs_csi_driver",
            "module.eks.aws_iam_role.eks_cluster",
            "module.eks.aws_iam_role.eks_node_group",
            "module.eks.aws_iam_role_policy_attachment.ebs_csi_driver",
            "module.eks.aws_iam_role_policy_attachment.eks_cluster_policy",
            "module.eks.aws_iam_role_policy_attachment.eks_cni_policy",
            "module.eks.aws_iam_role_policy_attachment.eks_container_registry_policy",
            "module.eks.aws_iam_role_policy_attachment.eks_vpc_resource_controller",
            "module.eks.aws_iam_role_policy_attachment.eks_worker_node_policy",
            "module.eks.data.tls_certificate.eks",
            "module.rds.aws_db_instance.main",
            "module.rds.aws_db_subnet_group.main",
            "module.rds.aws_secretsmanager_secret.rds",
            "module.rds.aws_security_group.rds",
            "module.vpc.aws_eip.nat",
            "module.vpc.aws_internet_gateway.main",
            "module.vpc.aws_nat_gateway.main",
            "module.vpc.aws_route_table.private",
            "module.vpc.aws_route_table.public",
            "module.vpc.aws_route_table_association.private",
            "module.vpc.aws_route_table_association.public",
            "module.vpc.aws_subnet.private",
            "module.vpc.aws_subnet.public",
            "module.vpc.aws_vpc.main"
          ]
        }
      ]
    },
    {
      "module": "module.rds",
      "mode": "managed",
      "type": "aws_security_group",
      "name": "rds",
      "provider": "provider[\"registry.terraform.io/hashicorp/aws\"]",
      "instances": [
        {
          "schema_version": 1,
          "attributes": {
            "arn": "arn:aws:ec2:us-east-1:287043460305:security-group/sg-0771bb3d2a1b9153c",
            "description": "Security group for RDS MySQL instance",
            "egress": [
              {
                "cidr_blocks": [
                  "0.0.0.0/0"
                ],
                "description": "Allow all outbound traffic",
                "from_port": 0,
                "ipv6_cidr_blocks": [],
                "prefix_list_ids": [],
                "protocol": "-1",
                "security_groups": [],
                "self": false,
                "to_port": 0
              }
            ],
            "id": "sg-0771bb3d2a1b9153c",
            "ingress": [
              {
                "cidr_blocks": [],
                "description": "MySQL from EKS nodes",
                "from_port": 3306,
                "ipv6_cidr_blocks": [],
                "prefix_list_ids": [],
                "protocol": "tcp",
                "security_groups": [
                  "sg-00762931d0e17a60f"
                ],
                "self": false,
                "to_port": 3306
              }
            ],
            "name": "aws-gitops-pipeline-dev-rds-sg",
            "name_prefix": "",
            "owner_id": "287043460305",
            "revoke_rules_on_delete": false,
            "tags": {
              "Name": "aws-gitops-pipeline-dev-rds-sg"
            },
            "tags_all": {
              "Environment": "dev",
              "ManagedBy": "terraform",
              "Name": "aws-gitops-pipeline-dev-rds-sg",
              "Project": "aws-gitops-pipeline"
            },
            "timeouts": null,
            "vpc_id": "vpc-088ff4f0769867298"
          },
          "sensitive_attributes": [],
          "identity_schema_version": 0,
          "private": "eyJlMmJmYjczMC1lY2FhLTExZTYtOGY4OC0zNDM2M2JjN2M0YzAiOnsiY3JlYXRlIjo2MDAwMDAwMDAwMDAsImRlbGV0ZSI6OTAwMDAwMDAwMDAwfSwic2NoZW1hX3ZlcnNpb24iOiIxIn0=",
          "dependencies": [
            "module.eks.aws_eks_addon.ebs_csi_driver",
            "module.eks.aws_eks_cluster.main",
            "module.eks.aws_eks_node_group.main",
            "module.eks.aws_iam_openid_connect_provider.eks",
            "module.eks.aws_iam_policy.ebs_csi_driver",
            "module.eks.aws_iam_role.ebs_csi_driver",
            "module.eks.aws_iam_role.eks_cluster",
            "module.eks.aws_iam_role.eks_node_group",
            "module.eks.aws_iam_role_policy_attachment.ebs_csi_driver",
            "module.eks.aws_iam_role_policy_attachment.eks_cluster_policy",
            "module.eks.aws_iam_role_policy_attachment.eks_cni_policy",
            "module.eks.aws_iam_role_policy_attachment.eks_container_registry_policy",
            "module.eks.aws_iam_role_policy_attachment.eks_vpc_resource_controller",
            "module.eks.aws_iam_role_policy_attachment.eks_worker_node_policy",
            "module.eks.data.tls_certificate.eks",
            "module.vpc.aws_eip.nat",
            "module.vpc.aws_internet_gateway.main",
            "module.vpc.aws_nat_gateway.main",
            "module.vpc.aws_route_table.private",
            "module.vpc.aws_route_table.public",
            "module.vpc.aws_route_table_association.private",
            "module.vpc.aws_route_table_association.public",
            "module.vpc.aws_subnet.private",
            "module.vpc.aws_subnet.public",
            "module.vpc.aws_vpc.main"
          ]
        }
      ]
    },
    {
      "module": "module.vpc",
      "mode": "managed",
      "type": "aws_eip",
      "name": "nat",
      "provider": "provider[\"registry.terraform.io/hashicorp/aws\"]",
      "instances": [
        {
          "schema_version": 0,
          "attributes": {
            "address": null,
            "allocation_id": "eipalloc-0e22d2b58a02c3b1d",
            "arn": "arn:aws:ec2:us-east-1:287043460305:elastic-ip/eipalloc-0e22d2b58a02c3b1d",
            "associate_with_private_ip": null,
            "association_id": "eipassoc-0e0e9b49612d7766b",
            "carrier_ip": "",
            "customer_owned_ip": "",
            "customer_owned_ipv4_pool": "",
            "domain": "vpc",
            "id": "eipalloc-0e22d2b58a02c3b1d",
            "instance": "",
            "ipam_pool_id": null,
            "network_border_group": "us-east-1",
            "network_interface": "eni-0ebc419a40bb8ab9f",
            "private_dns": "ip-10-0-1-48.ec2.internal",
            "private_ip": "10.0.1.48",
            "ptr_record": "",
            "public_dns": "ec2-34-237-35-146.compute-1.amazonaws.com",
            "public_ip": "34.237.35.146",
            "public_ipv4_pool": "amazon",
            "tags": {
              "Name": "aws-gitops-pipeline-dev-nat-eip"
            },
            "tags_all": {
              "Environment": "dev",
              "ManagedBy": "terraform",
              "Name": "aws-gitops-pipeline-dev-nat-eip",
              "Project": "aws-gitops-pipeline"
            },
            "timeouts": null,
            "vpc": true
          },
          "sensitive_attributes": [],
          "identity_schema_version": 0,
          "private": "eyJlMmJmYjczMC1lY2FhLTExZTYtOGY4OC0zNDM2M2JjN2M0YzAiOnsiZGVsZXRlIjoxODAwMDAwMDAwMDAsInJlYWQiOjkwMDAwMDAwMDAwMCwidXBkYXRlIjozMDAwMDAwMDAwMDB9fQ==",
          "dependencies": [
            "module.vpc.aws_internet_gateway.main",
            "module.vpc.aws_vpc.main"
          ]
        }
      ]
    },
    {
      "module": "module.vpc",
      "mode": "managed",
      "type": "aws_internet_gateway",
      "name": "main",
      "provider": "provider[\"registry.terraform.io/hashicorp/aws\"]",
      "instances": [
        {
          "schema_version": 0,
          "attributes": {
            "arn": "arn:aws:ec2:us-east-1:287043460305:internet-gateway/igw-0e18b1c8d227e8319",
            "id": "igw-0e18b1c8d227e8319",
            "owner_id": "287043460305",
            "tags": {
              "Name": "aws-gitops-pipeline-dev-igw"
            },
            "tags_all": {
              "Environment": "dev",
              "ManagedBy": "terraform",
              "Name": "aws-gitops-pipeline-dev-igw",
              "Project": "aws-gitops-pipeline"
            },
            "timeouts": null,
            "vpc_id": "vpc-088ff4f0769867298"
          },
          "sensitive_attributes": [],
          "identity_schema_version": 0,
          "private": "eyJlMmJmYjczMC1lY2FhLTExZTYtOGY4OC0zNDM2M2JjN2M0YzAiOnsiY3JlYXRlIjoxMjAwMDAwMDAwMDAwLCJkZWxldGUiOjEyMDAwMDAwMDAwMDAsInVwZGF0ZSI6MTIwMDAwMDAwMDAwMH19",
          "dependencies": [
            "module.vpc.aws_vpc.main"
          ]
        }
      ]
    },
    {
      "module": "module.vpc",
      "mode": "managed",
      "type": "aws_nat_gateway",
      "name": "main",
      "provider": "provider[\"registry.terraform.io/hashicorp/aws\"]",
      "instances": [
        {
          "schema_version": 0,
          "attributes": {
            "allocation_id": "eipalloc-0e22d2b58a02c3b1d",
            "association_id": "eipassoc-0e0e9b49612d7766b",
            "connectivity_type": "public",
            "id": "nat-0e93e65db3b14912d",
            "network_interface_id": "eni-0ebc419a40bb8ab9f",
            "private_ip": "10.0.1.48",
            "public_ip": "34.237.35.146",
            "secondary_allocation_ids": [],
            "secondary_private_ip_address_count": 0,
            "secondary_private_ip_addresses": [],
            "subnet_id": "subnet-07a99edc9ebafa820",
            "tags": {
              "Name": "aws-gitops-pipeline-dev-nat-gateway"
            },
            "tags_all": {
              "Environment": "dev",
              "ManagedBy": "terraform",
              "Name": "aws-gitops-pipeline-dev-nat-gateway",
              "Project": "aws-gitops-pipeline"
            },
            "timeouts": null
          },
          "sensitive_attributes": [],
          "identity_schema_version": 0,
          "private": "eyJlMmJmYjczMC1lY2FhLTExZTYtOGY4OC0zNDM2M2JjN2M0YzAiOnsiY3JlYXRlIjo2MDAwMDAwMDAwMDAsImRlbGV0ZSI6MTgwMDAwMDAwMDAwMCwidXBkYXRlIjo2MDAwMDAwMDAwMDB9fQ==",
          "dependencies": [
            "module.vpc.aws_eip.nat",
            "module.vpc.aws_internet_gateway.main",
            "module.vpc.aws_subnet.public",
            "module.vpc.aws_vpc.main"
          ]
        }
      ]
    },
    {
      "module": "module.vpc",
      "mode": "managed",
      "type": "aws_route_table",
      "name": "private",
      "provider": "provider[\"registry.terraform.io/hashicorp/aws\"]",
      "instances": [
        {
          "schema_version": 0,
          "attributes": {
            "arn": "arn:aws:ec2:us-east-1:287043460305:route-table/rtb-073f6cbdc34e34b5d",
            "id": "rtb-073f6cbdc34e34b5d",
            "owner_id": "287043460305",
            "propagating_vgws": [],
            "route": [
              {
                "carrier_gateway_id": "",
                "cidr_block": "0.0.0.0/0",
                "core_network_arn": "",
                "destination_prefix_list_id": "",
                "egress_only_gateway_id": "",
                "gateway_id": "",
                "ipv6_cidr_block": "",
                "local_gateway_id": "",
                "nat_gateway_id": "nat-0e93e65db3b14912d",
                "network_interface_id": "",
                "transit_gateway_id": "",
                "vpc_endpoint_id": "",
                "vpc_peering_connection_id": ""
              }
            ],
            "tags": {
              "Name": "aws-gitops-pipeline-dev-private-rt"
            },
            "tags_all": {
              "Environment": "dev",
              "ManagedBy": "terraform",
              "Name": "aws-gitops-pipeline-dev-private-rt",
              "Project": "aws-gitops-pipeline"
            },
            "timeouts": null,
            "vpc_id": "vpc-088ff4f0769867298"
          },
          "sensitive_attributes": [],
          "identity_schema_version": 0,
          "private": "eyJlMmJmYjczMC1lY2FhLTExZTYtOGY4OC0zNDM2M2JjN2M0YzAiOnsiY3JlYXRlIjozMDAwMDAwMDAwMDAsImRlbGV0ZSI6MzAwMDAwMDAwMDAwLCJ1cGRhdGUiOjEyMDAwMDAwMDAwMH19",
          "dependencies": [
            "module.vpc.aws_eip.nat",
            "module.vpc.aws_internet_gateway.main",
            "module.vpc.aws_nat_gateway.main",
            "module.vpc.aws_subnet.public",
            "module.vpc.aws_vpc.main"
          ]
        }
      ]
    },
    {
      "module": "module.vpc",
      "mode": "managed",
      "type": "aws_route_table",
      "name": "public",
      "provider": "provider[\"registry.terraform.io/hashicorp/aws\"]",
      "instances": [
        {
          "schema_version": 0,
          "attributes": {
            "arn": "arn:aws:ec2:us-east-1:287043460305:route-table/rtb-0143702b297a8174f",
            "id": "rtb-0143702b297a8174f",
            "owner_id": "287043460305",
            "propagating_vgws": [],
            "route": [
              {
                "carrier_gateway_id": "",
                "cidr_block": "0.0.0.0/0",
                "core_network_arn": "",
                "destination_prefix_list_id": "",
                "egress_only_gateway_id": "",
                "gateway_id": "igw-0e18b1c8d227e8319",
                "ipv6_cidr_block": "",
                "local_gateway_id": "",
                "nat_gateway_id": "",
                "network_interface_id": "",
                "transit_gateway_id": "",
                "vpc_endpoint_id": "",
                "vpc_peering_connection_id": ""
              }
            ],
            "tags": {
              "Name": "aws-gitops-pipeline-dev-public-rt"
            },
            "tags_all": {
              "Environment": "dev",
              "ManagedBy": "terraform",
              "Name": "aws-gitops-pipeline-dev-public-rt",
              "Project": "aws-gitops-pipeline"
            },
            "timeouts": null,
            "vpc_id": "vpc-088ff4f0769867298"
          },
          "sensitive_attributes": [],
          "identity_schema_version": 0,
          "private": "eyJlMmJmYjczMC1lY2FhLTExZTYtOGY4OC0zNDM2M2JjN2M0YzAiOnsiY3JlYXRlIjozMDAwMDAwMDAwMDAsImRlbGV0ZSI6MzAwMDAwMDAwMDAwLCJ1cGRhdGUiOjEyMDAwMDAwMDAwMH19",
          "dependencies": [
            "module.vpc.aws_internet_gateway.main",
            "module.vpc.aws_vpc.main"
          ]
        }
      ]
    },
    {
      "module": "module.vpc",
      "mode": "managed",
      "type": "aws_route_table_association",
      "name": "private",
      "provider": "provider[\"registry.terraform.io/hashicorp/aws\"]",
      "instances": [
        {
          "index_key": 0,
          "schema_version": 0,
          "attributes": {
            "gateway_id": "",
            "id": "rtbassoc-0652bd0b99d386ce7",
            "route_table_id": "rtb-073f6cbdc34e34b5d",
            "subnet_id": "subnet-06fb0d85c39df0ea0",
            "timeouts": null
          },
          "sensitive_attributes": [],
          "identity_schema_version": 0,
          "private": "eyJlMmJmYjczMC1lY2FhLTExZTYtOGY4OC0zNDM2M2JjN2M0YzAiOnsiY3JlYXRlIjozMDAwMDAwMDAwMDAsImRlbGV0ZSI6MzAwMDAwMDAwMDAwLCJ1cGRhdGUiOjEyMDAwMDAwMDAwMH19",
          "dependencies": [
            "module.vpc.aws_eip.nat",
            "module.vpc.aws_internet_gateway.main",
            "module.vpc.aws_nat_gateway.main",
            "module.vpc.aws_route_table.private",
            "module.vpc.aws_subnet.private",
            "module.vpc.aws_subnet.public",
            "module.vpc.aws_vpc.main"
          ]
        },
        {
          "index_key": 1,
          "schema_version": 0,
          "attributes": {
            "gateway_id": "",
            "id": "rtbassoc-0728fef128ccd06a4",
            "route_table_id": "rtb-073f6cbdc34e34b5d",
            "subnet_id": "subnet-01aebe1e468fff599",
            "timeouts": null
          },
          "sensitive_attributes": [],
          "identity_schema_version": 0,
          "private": "eyJlMmJmYjczMC1lY2FhLTExZTYtOGY4OC0zNDM2M2JjN2M0YzAiOnsiY3JlYXRlIjozMDAwMDAwMDAwMDAsImRlbGV0ZSI6MzAwMDAwMDAwMDAwLCJ1cGRhdGUiOjEyMDAwMDAwMDAwMH19",
          "dependencies": [
            "module.vpc.aws_eip.nat",
            "module.vpc.aws_internet_gateway.main",
            "module.vpc.aws_nat_gateway.main",
            "module.vpc.aws_route_table.private",
            "module.vpc.aws_subnet.private",
            "module.vpc.aws_subnet.public",
            "module.vpc.aws_vpc.main"
          ]
        },
        {
          "index_key": 2,
          "schema_version": 0,
          "attributes": {
            "gateway_id": "",
            "id": "rtbassoc-003735ba3fe3b1278",
            "route_table_id": "rtb-073f6cbdc34e34b5d",
            "subnet_id": "subnet-07b4b2443cccb6e52",
            "timeouts": null
          },
          "sensitive_attributes": [],
          "identity_schema_version": 0,
          "private": "eyJlMmJmYjczMC1lY2FhLTExZTYtOGY4OC0zNDM2M2JjN2M0YzAiOnsiY3JlYXRlIjozMDAwMDAwMDAwMDAsImRlbGV0ZSI6MzAwMDAwMDAwMDAwLCJ1cGRhdGUiOjEyMDAwMDAwMDAwMH19",
          "dependencies": [
            "module.vpc.aws_eip.nat",
            "module.vpc.aws_internet_gateway.main",
            "module.vpc.aws_nat_gateway.main",
            "module.vpc.aws_route_table.private",
            "module.vpc.aws_subnet.private",
            "module.vpc.aws_subnet.public",
            "module.vpc.aws_vpc.main"
          ]
        }
      ]
    },
    {
      "module": "module.vpc",
      "mode": "managed",
      "type": "aws_route_table_association",
      "name": "public",
      "provider": "provider[\"registry.terraform.io/hashicorp/aws\"]",
      "instances": [
        {
          "index_key": 0,
          "schema_version": 0,
          "attributes": {
            "gateway_id": "",
            "id": "rtbassoc-0a58acee8405429aa",
            "route_table_id": "rtb-0143702b297a8174f",
            "subnet_id": "subnet-07a99edc9ebafa820",
            "timeouts": null
          },
          "sensitive_attributes": [],
          "identity_schema_version": 0,
          "private": "eyJlMmJmYjczMC1lY2FhLTExZTYtOGY4OC0zNDM2M2JjN2M0YzAiOnsiY3JlYXRlIjozMDAwMDAwMDAwMDAsImRlbGV0ZSI6MzAwMDAwMDAwMDAwLCJ1cGRhdGUiOjEyMDAwMDAwMDAwMH19",
          "dependencies": [
            "module.vpc.aws_internet_gateway.main",
            "module.vpc.aws_route_table.public",
            "module.vpc.aws_subnet.public",
            "module.vpc.aws_vpc.main"
          ]
        },
        {
          "index_key": 1,
          "schema_version": 0,
          "attributes": {
            "gateway_id": "",
            "id": "rtbassoc-03bf9ddeb91dde0d7",
            "route_table_id": "rtb-0143702b297a8174f",
            "subnet_id": "subnet-02f5d2225075c3445",
            "timeouts": null
          },
          "sensitive_attributes": [],
          "identity_schema_version": 0,
          "private": "eyJlMmJmYjczMC1lY2FhLTExZTYtOGY4OC0zNDM2M2JjN2M0YzAiOnsiY3JlYXRlIjozMDAwMDAwMDAwMDAsImRlbGV0ZSI6MzAwMDAwMDAwMDAwLCJ1cGRhdGUiOjEyMDAwMDAwMDAwMH19",
          "dependencies": [
            "module.vpc.aws_internet_gateway.main",
            "module.vpc.aws_route_table.public",
            "module.vpc.aws_subnet.public",
            "module.vpc.aws_vpc.main"
          ]
        },
        {
          "index_key": 2,
          "schema_version": 0,
          "attributes": {
            "gateway_id": "",
            "id": "rtbassoc-0d0ce5c4dbde8d01f",
            "route_table_id": "rtb-0143702b297a8174f",
            "subnet_id": "subnet-0526171eac80ecb1c",
            "timeouts": null
          },
          "sensitive_attributes": [],
          "identity_schema_version": 0,
          "private": "eyJlMmJmYjczMC1lY2FhLTExZTYtOGY4OC0zNDM2M2JjN2M0YzAiOnsiY3JlYXRlIjozMDAwMDAwMDAwMDAsImRlbGV0ZSI6MzAwMDAwMDAwMDAwLCJ1cGRhdGUiOjEyMDAwMDAwMDAwMH19",
          "dependencies": [
            "module.vpc.aws_internet_gateway.main",
            "module.vpc.aws_route_table.public",
            "module.vpc.aws_subnet.public",
            "module.vpc.aws_vpc.main"
          ]
        }
      ]
    },
    {
      "module": "module.vpc",
      "mode": "managed",
      "type": "aws_subnet",
      "name": "private",
      "provider": "provider[\"registry.terraform.io/hashicorp/aws\"]",
      "instances": [
        {
          "index_key": 0,
          "schema_version": 1,
          "attributes": {
            "arn": "arn:aws:ec2:us-east-1:287043460305:subnet/subnet-06fb0d85c39df0ea0",
            "assign_ipv6_address_on_creation": false,
            "availability_zone": "us-east-1a",
            "availability_zone_id": "use1-az2",
            "cidr_block": "10.0.11.0/24",
            "customer_owned_ipv4_pool": "",
            "enable_dns64": false,
            "enable_lni_at_device_index": 0,
            "enable_resource_name_dns_a_record_on_launch": false,
            "enable_resource_name_dns_aaaa_record_on_launch": false,
            "id": "subnet-06fb0d85c39df0ea0",
            "ipv6_cidr_block": "",
            "ipv6_cidr_block_association_id": "",
            "ipv6_native": false,
            "map_customer_owned_ip_on_launch": false,
            "map_public_ip_on_launch": false,
            "outpost_arn": "",
            "owner_id": "287043460305",
            "private_dns_hostname_type_on_launch": "ip-name",
            "tags": {
              "Name": "aws-gitops-pipeline-dev-private-subnet-1",
              "kubernetes.io/cluster/aws-gitops-pipeline-dev": "shared",
              "kubernetes.io/role/internal-elb": "1"
            },
            "tags_all": {
              "Environment": "dev",
              "ManagedBy": "terraform",
              "Name": "aws-gitops-pipeline-dev-private-subnet-1",
              "Project": "aws-gitops-pipeline",
              "kubernetes.io/cluster/aws-gitops-pipeline-dev": "shared",
              "kubernetes.io/role/internal-elb": "1"
            },
            "timeouts": null,
            "vpc_id": "vpc-088ff4f0769867298"
          },
          "sensitive_attributes": [],
          "identity_schema_version": 0,
          "private": "eyJlMmJmYjczMC1lY2FhLTExZTYtOGY4OC0zNDM2M2JjN2M0YzAiOnsiY3JlYXRlIjo2MDAwMDAwMDAwMDAsImRlbGV0ZSI6MTIwMDAwMDAwMDAwMH0sInNjaGVtYV92ZXJzaW9uIjoiMSJ9",
          "dependencies": [
            "module.vpc.aws_vpc.main"
          ]
        },
        {
          "index_key": 1,
          "schema_version": 1,
          "attributes": {
            "arn": "arn:aws:ec2:us-east-1:287043460305:subnet/subnet-01aebe1e468fff599",
            "assign_ipv6_address_on_creation": false,
            "availability_zone": "us-east-1b",
            "availability_zone_id": "use1-az4",
            "cidr_block": "10.0.12.0/24",
            "customer_owned_ipv4_pool": "",
            "enable_dns64": false,
            "enable_lni_at_device_index": 0,
            "enable_resource_name_dns_a_record_on_launch": false,
            "enable_resource_name_dns_aaaa_record_on_launch": false,
            "id": "subnet-01aebe1e468fff599",
            "ipv6_cidr_block": "",
            "ipv6_cidr_block_association_id": "",
            "ipv6_native": false,
            "map_customer_owned_ip_on_launch": false,
            "map_public_ip_on_launch": false,
            "outpost_arn": "",
            "owner_id": "287043460305",
            "private_dns_hostname_type_on_launch": "ip-name",
            "tags": {
              "Name": "aws-gitops-pipeline-dev-private-subnet-2",
              "kubernetes.io/cluster/aws-gitops-pipeline-dev": "shared",
              "kubernetes.io/role/internal-elb": "1"
            },
            "tags_all": {
              "Environment": "dev",
              "ManagedBy": "terraform",
              "Name": "aws-gitops-pipeline-dev-private-subnet-2",
              "Project": "aws-gitops-pipeline",
              "kubernetes.io/cluster/aws-gitops-pipeline-dev": "shared",
              "kubernetes.io/role/internal-elb": "1"
            },
            "timeouts": null,
            "vpc_id": "vpc-088ff4f0769867298"
          },
          "sensitive_attributes": [],
          "identity_schema_version": 0,
          "private": "eyJlMmJmYjczMC1lY2FhLTExZTYtOGY4OC0zNDM2M2JjN2M0YzAiOnsiY3JlYXRlIjo2MDAwMDAwMDAwMDAsImRlbGV0ZSI6MTIwMDAwMDAwMDAwMH0sInNjaGVtYV92ZXJzaW9uIjoiMSJ9",
          "dependencies": [
            "module.vpc.aws_vpc.main"
          ]
        },
        {
          "index_key": 2,
          "schema_version": 1,
          "attributes": {
            "arn": "arn:aws:ec2:us-east-1:287043460305:subnet/subnet-07b4b2443cccb6e52",
            "assign_ipv6_address_on_creation": false,
            "availability_zone": "us-east-1c",
            "availability_zone_id": "use1-az6",
            "cidr_block": "10.0.13.0/24",
            "customer_owned_ipv4_pool": "",
            "enable_dns64": false,
            "enable_lni_at_device_index": 0,
            "enable_resource_name_dns_a_record_on_launch": false,
            "enable_resource_name_dns_aaaa_record_on_launch": false,
            "id": "subnet-07b4b2443cccb6e52",
            "ipv6_cidr_block": "",
            "ipv6_cidr_block_association_id": "",
            "ipv6_native": false,
            "map_customer_owned_ip_on_launch": false,
            "map_public_ip_on_launch": false,
            "outpost_arn": "",
            "owner_id": "287043460305",
            "private_dns_hostname_type_on_launch": "ip-name",
            "tags": {
              "Name": "aws-gitops-pipeline-dev-private-subnet-3",
              "kubernetes.io/cluster/aws-gitops-pipeline-dev": "shared",
              "kubernetes.io/role/internal-elb": "1"
            },
            "tags_all": {
              "Environment": "dev",
              "ManagedBy": "terraform",
              "Name": "aws-gitops-pipeline-dev-private-subnet-3",
              "Project": "aws-gitops-pipeline",
              "kubernetes.io/cluster/aws-gitops-pipeline-dev": "shared",
              "kubernetes.io/role/internal-elb": "1"
            },
            "timeouts": null,
            "vpc_id": "vpc-088ff4f0769867298"
          },
          "sensitive_attributes": [],
          "identity_schema_version": 0,
          "private": "eyJlMmJmYjczMC1lY2FhLTExZTYtOGY4OC0zNDM2M2JjN2M0YzAiOnsiY3JlYXRlIjo2MDAwMDAwMDAwMDAsImRlbGV0ZSI6MTIwMDAwMDAwMDAwMH0sInNjaGVtYV92ZXJzaW9uIjoiMSJ9",
          "dependencies": [
            "module.vpc.aws_vpc.main"
          ]
        }
      ]
    },
    {
      "module": "module.vpc",
      "mode": "managed",
      "type": "aws_subnet",
      "name": "public",
      "provider": "provider[\"registry.terraform.io/hashicorp/aws\"]",
      "instances": [
        {
          "index_key": 0,
          "schema_version": 1,
          "attributes": {
            "arn": "arn:aws:ec2:us-east-1:287043460305:subnet/subnet-07a99edc9ebafa820",
            "assign_ipv6_address_on_creation": false,
            "availability_zone": "us-east-1a",
            "availability_zone_id": "use1-az2",
            "cidr_block": "10.0.1.0/24",
            "customer_owned_ipv4_pool": "",
            "enable_dns64": false,
            "enable_lni_at_device_index": 0,
            "enable_resource_name_dns_a_record_on_launch": false,
            "enable_resource_name_dns_aaaa_record_on_launch": false,
            "id": "subnet-07a99edc9ebafa820",
            "ipv6_cidr_block": "",
            "ipv6_cidr_block_association_id": "",
            "ipv6_native": false,
            "map_customer_owned_ip_on_launch": false,
            "map_public_ip_on_launch": true,
            "outpost_arn": "",
            "owner_id": "287043460305",
            "private_dns_hostname_type_on_launch": "ip-name",
            "tags": {
              "Name": "aws-gitops-pipeline-dev-public-subnet-1",
              "kubernetes.io/cluster/aws-gitops-pipeline-dev": "shared",
              "kubernetes.io/role/elb": "1"
            },
            "tags_all": {
              "Environment": "dev",
              "ManagedBy": "terraform",
              "Name": "aws-gitops-pipeline-dev-public-subnet-1",
              "Project": "aws-gitops-pipeline",
              "kubernetes.io/cluster/aws-gitops-pipeline-dev": "shared",
              "kubernetes.io/role/elb": "1"
            },
            "timeouts": null,
            "vpc_id": "vpc-088ff4f0769867298"
          },
          "sensitive_attributes": [],
          "identity_schema_version": 0,
          "private": "eyJlMmJmYjczMC1lY2FhLTExZTYtOGY4OC0zNDM2M2JjN2M0YzAiOnsiY3JlYXRlIjo2MDAwMDAwMDAwMDAsImRlbGV0ZSI6MTIwMDAwMDAwMDAwMH0sInNjaGVtYV92ZXJzaW9uIjoiMSJ9",
          "dependencies": [
            "module.vpc.aws_vpc.main"
          ]
        },
        {
          "index_key": 1,
          "schema_version": 1,
          "attributes": {
            "arn": "arn:aws:ec2:us-east-1:287043460305:subnet/subnet-02f5d2225075c3445",
            "assign_ipv6_address_on_creation": false,
            "availability_zone": "us-east-1b",
            "availability_zone_id": "use1-az4",
            "cidr_block": "10.0.2.0/24",
            "customer_owned_ipv4_pool": "",
            "enable_dns64": false,
            "enable_lni_at_device_index": 0,
            "enable_resource_name_dns_a_record_on_launch": false,
            "enable_resource_name_dns_aaaa_record_on_launch": false,
            "id": "subnet-02f5d2225075c3445",
            "ipv6_cidr_block": "",
            "ipv6_cidr_block_association_id": "",
            "ipv6_native": false,
            "map_customer_owned_ip_on_launch": false,
            "map_public_ip_on_launch": true,
            "outpost_arn": "",
            "owner_id": "287043460305",
            "private_dns_hostname_type_on_launch": "ip-name",
            "tags": {
              "Name": "aws-gitops-pipeline-dev-public-subnet-2",
              "kubernetes.io/cluster/aws-gitops-pipeline-dev": "shared",
              "kubernetes.io/role/elb": "1"
            },
            "tags_all": {
              "Environment": "dev",
              "ManagedBy": "terraform",
              "Name": "aws-gitops-pipeline-dev-public-subnet-2",
              "Project": "aws-gitops-pipeline",
              "kubernetes.io/cluster/aws-gitops-pipeline-dev": "shared",
              "kubernetes.io/role/elb": "1"
            },
            "timeouts": null,
            "vpc_id": "vpc-088ff4f0769867298"
          },
          "sensitive_attributes": [],
          "identity_schema_version": 0,
          "private": "eyJlMmJmYjczMC1lY2FhLTExZTYtOGY4OC0zNDM2M2JjN2M0YzAiOnsiY3JlYXRlIjo2MDAwMDAwMDAwMDAsImRlbGV0ZSI6MTIwMDAwMDAwMDAwMH0sInNjaGVtYV92ZXJzaW9uIjoiMSJ9",
          "dependencies": [
            "module.vpc.aws_vpc.main"
          ]
        },
        {
          "index_key": 2,
          "schema_version": 1,
          "attributes": {
            "arn": "arn:aws:ec2:us-east-1:287043460305:subnet/subnet-0526171eac80ecb1c",
            "assign_ipv6_address_on_creation": false,
            "availability_zone": "us-east-1c",
            "availability_zone_id": "use1-az6",
            "cidr_block": "10.0.3.0/24",
            "customer_owned_ipv4_pool": "",
            "enable_dns64": false,
            "enable_lni_at_device_index": 0,
            "enable_resource_name_dns_a_record_on_launch": false,
            "enable_resource_name_dns_aaaa_record_on_launch": false,
            "id": "subnet-0526171eac80ecb1c",
            "ipv6_cidr_block": "",
            "ipv6_cidr_block_association_id": "",
            "ipv6_native": false,
            "map_customer_owned_ip_on_launch": false,
            "map_public_ip_on_launch": true,
            "outpost_arn": "",
            "owner_id": "287043460305",
            "private_dns_hostname_type_on_launch": "ip-name",
            "tags": {
              "Name": "aws-gitops-pipeline-dev-public-subnet-3",
              "kubernetes.io/cluster/aws-gitops-pipeline-dev": "shared",
              "kubernetes.io/role/elb": "1"
            },
            "tags_all": {
              "Environment": "dev",
              "ManagedBy": "terraform",
              "Name": "aws-gitops-pipeline-dev-public-subnet-3",
              "Project": "aws-gitops-pipeline",
              "kubernetes.io/cluster/aws-gitops-pipeline-dev": "shared",
              "kubernetes.io/role/elb": "1"
            },
            "timeouts": null,
            "vpc_id": "vpc-088ff4f0769867298"
          },
          "sensitive_attributes": [],
          "identity_schema_version": 0,
          "private": "eyJlMmJmYjczMC1lY2FhLTExZTYtOGY4OC0zNDM2M2JjN2M0YzAiOnsiY3JlYXRlIjo2MDAwMDAwMDAwMDAsImRlbGV0ZSI6MTIwMDAwMDAwMDAwMH0sInNjaGVtYV92ZXJzaW9uIjoiMSJ9",
          "dependencies": [
            "module.vpc.aws_vpc.main"
          ]
        }
      ]
    },
    {
      "module": "module.vpc",
      "mode": "managed",
      "type": "aws_vpc",
      "name": "main",
      "provider": "provider[\"registry.terraform.io/hashicorp/aws\"]",
      "instances": [
        {
          "schema_version": 1,
          "attributes": {
            "arn": "arn:aws:ec2:us-east-1:287043460305:vpc/vpc-088ff4f0769867298",
            "assign_generated_ipv6_cidr_block": false,
            "cidr_block": "10.0.0.0/16",
            "default_network_acl_id": "acl-08b5cadb64ee5c847",
            "default_route_table_id": "rtb-05f72e6192a94f4e4",
            "default_security_group_id": "sg-082ad6d567f16cfbd",
            "dhcp_options_id": "dopt-0dfc98a27cdccea1a",
            "enable_dns_hostnames": true,
            "enable_dns_support": true,
            "enable_network_address_usage_metrics": false,
            "id": "vpc-088ff4f0769867298",
            "instance_tenancy": "default",
            "ipv4_ipam_pool_id": null,
            "ipv4_netmask_length": null,
            "ipv6_association_id": "",
            "ipv6_cidr_block": "",
            "ipv6_cidr_block_network_border_group": "",
            "ipv6_ipam_pool_id": "",
            "ipv6_netmask_length": 0,
            "main_route_table_id": "rtb-05f72e6192a94f4e4",
            "owner_id": "287043460305",
            "tags": {
              "Name": "aws-gitops-pipeline-dev-vpc"
            },
            "tags_all": {
              "Environment": "dev",
              "ManagedBy": "terraform",
              "Name": "aws-gitops-pipeline-dev-vpc",
              "Project": "aws-gitops-pipeline"
            }
          },
          "sensitive_attributes": [],
          "identity_schema_version": 0,
          "private": "eyJzY2hlbWFfdmVyc2lvbiI6IjEifQ=="
        }
      ]
    }
  ],
  "check_results": null
}
